
Microsoft Visual Studio Solution File, Format Version 12.00
# Visual Studio Version 17
VisualStudioVersion = 17.2.32516.85
MinimumVisualStudioVersion = 10.0.40219.1
Project("{9A19103F-16F7-4668-BE54-9A1E7A4F7556}") = "Translators.ServerApplication", "Translators.ServerApplication\Translators.ServerApplication.csproj", "{7194B669-7C5D-42D5-AECB-ED5353D4D92A}"
EndProject
Project("{2150E333-8FDC-42A3-9474-1A3956D46DE8}") = "Application-Layer", "Application-Layer", "{2B742CCE-8D05-4574-978B-0F4221C1E56E}"
EndProject
Project("{2150E333-8FDC-42A3-9474-1A3956D46DE8}") = "BusinessLogic-Layer", "BusinessLogic-Layer", "{9754F382-902F-4D2D-BFF7-DF8B45E74282}"
EndProject
Project("{2150E333-8FDC-42A3-9474-1A3956D46DE8}") = "DataAccess-Layer", "DataAccess-Layer", "{B3278262-44B4-4047-945D-DA27DCF2D0C2}"
EndProject
Project("{9A19103F-16F7-4668-BE54-9A1E7A4F7556}") = "Translators.Database", "Translators.Database\Translators.Database.csproj", "{0F273380-5FD5-42C6-9691-6F13264EABB0}"
EndProject
Project("{9A19103F-16F7-4668-BE54-9A1E7A4F7556}") = "Translators.Logics", "Translators.Logics\Translators.Logics.csproj", "{6C31DB1F-DD8D-4D5C-B47F-CC4472FE1BA3}"
EndProject
Project("{9A19103F-16F7-4668-BE54-9A1E7A4F7556}") = "Translators.Services", "Translators.Services\Translators.Services.csproj", "{E2C2452C-5985-4B21-BC67-B9F6A73FAAA7}"
EndProject
Project("{9A19103F-16F7-4668-BE54-9A1E7A4F7556}") = "Translators.Patches", "Translators.Patches\Translators.Patches.csproj", "{7F59AD7E-AA0F-47E0-B6C0-2421617DC0A7}"
EndProject
Project("{2150E333-8FDC-42A3-9474-1A3956D46DE8}") = "App", "App", "{C09829DD-5429-4C17-A6E4-33AB4CF417CD}"
EndProject
Project("{2150E333-8FDC-42A3-9474-1A3956D46DE8}") = "Components", "Components", "{359F5F9F-766B-4954-AE9A-7D6F80B842E3}"
EndProject
Project("{2150E333-8FDC-42A3-9474-1A3956D46DE8}") = "Test-Layer", "Test-Layer", "{35D6A5D5-140D-407F-B2C6-3F93A27C330C}"
EndProject
Project("{FAE04EC0-301F-11D3-BF4B-00C04F79EFBC}") = "Translators.Tests", "Translators.Tests\Translators.Tests.csproj", "{986593ED-70E2-434D-83AB-DBE334FA0382}"
EndProject
Project("{FAE04EC0-301F-11D3-BF4B-00C04F79EFBC}") = "Translators.Shared", "..\Shared\Translators.Shared\Translators.Shared.csproj", "{1375E000-C63D-4189-AB6C-39E7F521FBF3}"
EndProject
Project("{9A19103F-16F7-4668-BE54-9A1E7A4F7556}") = "Translators.Domain", "..\Shared\Translators.Domain\Translators.Domain.csproj", "{5ADBADC2-FE2A-4B63-B2FA-249E5267D87D}"
EndProject
Global
	GlobalSection(SolutionConfigurationPlatforms) = preSolution
		Debug|Any CPU = Debug|Any CPU
		Release|Any CPU = Release|Any CPU
	EndGlobalSection
	GlobalSection(ProjectConfigurationPlatforms) = postSolution
		{7194B669-7C5D-42D5-AECB-ED5353D4D92A}.Debug|Any CPU.ActiveCfg = Debug|Any CPU
		{7194B669-7C5D-42D5-AECB-ED5353D4D92A}.Debug|Any CPU.Build.0 = Debug|Any CPU
		{7194B669-7C5D-42D5-AECB-ED5353D4D92A}.Release|Any CPU.ActiveCfg = Release|Any CPU
		{7194B669-7C5D-42D5-AECB-ED5353D4D92A}.Release|Any CPU.Build.0 = Release|Any CPU
		{0F273380-5FD5-42C6-9691-6F13264EABB0}.Debug|Any CPU.ActiveCfg = Debug|Any CPU
		{0F273380-5FD5-42C6-9691-6F13264EABB0}.Debug|Any CPU.Build.0 = Debug|Any CPU
		{0F273380-5FD5-42C6-9691-6F13264EABB0}.Release|Any CPU.ActiveCfg = Release|Any CPU
		{0F273380-5FD5-42C6-9691-6F13264EABB0}.Release|Any CPU.Build.0 = Release|Any CPU
		{6C31DB1F-DD8D-4D5C-B47F-CC4472FE1BA3}.Debug|Any CPU.ActiveCfg = Debug|Any CPU
		{6C31DB1F-DD8D-4D5C-B47F-CC4472FE1BA3}.Debug|Any CPU.Build.0 = Debug|Any CPU
		{6C31DB1F-DD8D-4D5C-B47F-CC4472FE1BA3}.Release|Any CPU.ActiveCfg = Release|Any CPU
		{6C31DB1F-DD8D-4D5C-B47F-CC4472FE1BA3}.Release|Any CPU.Build.0 = Release|Any CPU
		{E2C2452C-5985-4B21-BC67-B9F6A73FAAA7}.Debug|Any CPU.ActiveCfg = Debug|Any CPU
		{E2C2452C-5985-4B21-BC67-B9F6A73FAAA7}.Debug|Any CPU.Build.0 = Debug|Any CPU
		{E2C2452C-5985-4B21-BC67-B9F6A73FAAA7}.Release|Any CPU.ActiveCfg = Release|Any CPU
		{E2C2452C-5985-4B21-BC67-B9F6A73FAAA7}.Release|Any CPU.Build.0 = Release|Any CPU
		{7F59AD7E-AA0F-47E0-B6C0-2421617DC0A7}.Debug|Any CPU.ActiveCfg = Debug|Any CPU
		{7F59AD7E-AA0F-47E0-B6C0-2421617DC0A7}.Debug|Any CPU.Build.0 = Debug|Any CPU
		{7F59AD7E-AA0F-47E0-B6C0-2421617DC0A7}.Release|Any CPU.ActiveCfg = Release|Any CPU
		{7F59AD7E-AA0F-47E0-B6C0-2421617DC0A7}.Release|Any CPU.Build.0 = Release|Any CPU
		{986593ED-70E2-434D-83AB-DBE334FA0382}.Debug|Any CPU.ActiveCfg = Debug|Any CPU
		{986593ED-70E2-434D-83AB-DBE334FA0382}.Debug|Any CPU.Build.0 = Debug|Any CPU
		{986593ED-70E2-434D-83AB-DBE334FA0382}.Release|Any CPU.ActiveCfg = Release|Any CPU
		{986593ED-70E2-434D-83AB-DBE334FA0382}.Release|Any CPU.Build.0 = Release|Any CPU
		{1375E000-C63D-4189-AB6C-39E7F521FBF3}.Debug|Any CPU.ActiveCfg = Debug|Any CPU
		{1375E000-C63D-4189-AB6C-39E7F521FBF3}.Debug|Any CPU.Build.0 = Debug|Any CPU
		{1375E000-C63D-4189-AB6C-39E7F521FBF3}.Release|Any CPU.ActiveCfg = Release|Any CPU
		{1375E000-C63D-4189-AB6C-39E7F521FBF3}.Release|Any CPU.Build.0 = Release|Any CPU
		{5ADBADC2-FE2A-4B63-B2FA-249E5267D87D}.Debug|Any CPU.ActiveCfg = Debug|Any CPU
		{5ADBADC2-FE2A-4B63-B2FA-249E5267D87D}.Debug|Any CPU.Build.0 = Debug|Any CPU
		{5ADBADC2-FE2A-4B63-B2FA-249E5267D87D}.Release|Any CPU.ActiveCfg = Release|Any CPU
		{5ADBADC2-FE2A-4B63-B2FA-249E5267D87D}.Release|Any CPU.Build.0 = Release|Any CPU
	EndGlobalSection
	GlobalSection(SolutionProperties) = preSolution
		HideSolutionNode = FALSE
	EndGlobalSection
	GlobalSection(NestedProjects) = preSolution
		{7194B669-7C5D-42D5-AECB-ED5353D4D92A} = {2B742CCE-8D05-4574-978B-0F4221C1E56E}
		{2B742CCE-8D05-4574-978B-0F4221C1E56E} = {C09829DD-5429-4C17-A6E4-33AB4CF417CD}
		{9754F382-902F-4D2D-BFF7-DF8B45E74282} = {C09829DD-5429-4C17-A6E4-33AB4CF417CD}
		{B3278262-44B4-4047-945D-DA27DCF2D0C2} = {C09829DD-5429-4C17-A6E4-33AB4CF417CD}
		{0F273380-5FD5-42C6-9691-6F13264EABB0} = {B3278262-44B4-4047-945D-DA27DCF2D0C2}
		{6C31DB1F-DD8D-4D5C-B47F-CC4472FE1BA3} = {9754F382-902F-4D2D-BFF7-DF8B45E74282}
		{E2C2452C-5985-4B21-BC67-B9F6A73FAAA7} = {9754F382-902F-4D2D-BFF7-DF8B45E74282}
		{7F59AD7E-AA0F-47E0-B6C0-2421617DC0A7} = {2B742CCE-8D05-4574-978B-0F4221C1E56E}
		{35D6A5D5-140D-407F-B2C6-3F93A27C330C} = {C09829DD-5429-4C17-A6E4-33AB4CF417CD}
		{986593ED-70E2-434D-83AB-DBE334FA0382} = {35D6A5D5-140D-407F-B2C6-3F93A27C330C}
		{1375E000-C63D-4189-AB6C-39E7F521FBF3} = {B3278262-44B4-4047-945D-DA27DCF2D0C2}
		{5ADBADC2-FE2A-4B63-B2FA-249E5267D87D} = {B3278262-44B4-4047-945D-DA27DCF2D0C2}
	EndGlobalSection
	GlobalSection(ExtensibilityGlobals) = postSolution
		SolutionGuid = {53E0A4A5-0D00-4129-BF3A-DF1781C96BB2}
	EndGlobalSection
EndGlobal
