
Microsoft Visual Studio Solution File, Format Version 12.00
# Visual Studio Version 17
VisualStudioVersion = 17.0.31611.283
MinimumVisualStudioVersion = 10.0.40219.1
Project("{9A19103F-16F7-4668-BE54-9A1E7A4F7556}") = "Translators.UI", "Translators.UI\Translators.UI.csproj", "{60BB6621-80D7-4700-9A6C-3D80D814B054}"
EndProject
Project("{9A19103F-16F7-4668-BE54-9A1E7A4F7556}") = "Translators.ViewModels", "Translators.ViewModels\Translators.ViewModels.csproj", "{11609A67-C5B2-4C13-B921-C21EF40C2732}"
EndProject
Project("{9A19103F-16F7-4668-BE54-9A1E7A4F7556}") = "Translators.SharedUI_MAUI", "Translators.SharedUI\Translators.SharedUI_MAUI.csproj", "{4315E81C-E00E-44C0-A9F8-A3DA19172E78}"
EndProject
Project("{9A19103F-16F7-4668-BE54-9A1E7A4F7556}") = "Translators.Shared", "..\..\Shared\Translators.Shared\Translators.Shared.csproj", "{2139698A-D625-405A-A7E6-4DD5C725D0A2}"
EndProject
Project("{9A19103F-16F7-4668-BE54-9A1E7A4F7556}") = "Translators.Domain", "..\..\Shared\Translators.Domain\Translators.Domain.csproj", "{3387ED1C-A4FD-4512-8993-B81BB2204A56}"
EndProject
Global
	GlobalSection(SolutionConfigurationPlatforms) = preSolution
		Debug|Any CPU = Debug|Any CPU
		Release|Any CPU = Release|Any CPU
	EndGlobalSection
	GlobalSection(ProjectConfigurationPlatforms) = postSolution
		{60BB6621-80D7-4700-9A6C-3D80D814B054}.Debug|Any CPU.ActiveCfg = Debug|Any CPU
		{60BB6621-80D7-4700-9A6C-3D80D814B054}.Debug|Any CPU.Build.0 = Debug|Any CPU
		{60BB6621-80D7-4700-9A6C-3D80D814B054}.Debug|Any CPU.Deploy.0 = Debug|Any CPU
		{60BB6621-80D7-4700-9A6C-3D80D814B054}.Release|Any CPU.ActiveCfg = Release|Any CPU
		{60BB6621-80D7-4700-9A6C-3D80D814B054}.Release|Any CPU.Build.0 = Release|Any CPU
		{60BB6621-80D7-4700-9A6C-3D80D814B054}.Release|Any CPU.Deploy.0 = Release|Any CPU
		{11609A67-C5B2-4C13-B921-C21EF40C2732}.Debug|Any CPU.ActiveCfg = Debug|Any CPU
		{11609A67-C5B2-4C13-B921-C21EF40C2732}.Debug|Any CPU.Build.0 = Debug|Any CPU
		{11609A67-C5B2-4C13-B921-C21EF40C2732}.Release|Any CPU.ActiveCfg = Release|Any CPU
		{11609A67-C5B2-4C13-B921-C21EF40C2732}.Release|Any CPU.Build.0 = Release|Any CPU
		{4315E81C-E00E-44C0-A9F8-A3DA19172E78}.Debug|Any CPU.ActiveCfg = Debug|Any CPU
		{4315E81C-E00E-44C0-A9F8-A3DA19172E78}.Debug|Any CPU.Build.0 = Debug|Any CPU
		{4315E81C-E00E-44C0-A9F8-A3DA19172E78}.Release|Any CPU.ActiveCfg = Release|Any CPU
		{4315E81C-E00E-44C0-A9F8-A3DA19172E78}.Release|Any CPU.Build.0 = Release|Any CPU
		{2139698A-D625-405A-A7E6-4DD5C725D0A2}.Debug|Any CPU.ActiveCfg = Debug|Any CPU
		{2139698A-D625-405A-A7E6-4DD5C725D0A2}.Debug|Any CPU.Build.0 = Debug|Any CPU
		{2139698A-D625-405A-A7E6-4DD5C725D0A2}.Release|Any CPU.ActiveCfg = Release|Any CPU
		{2139698A-D625-405A-A7E6-4DD5C725D0A2}.Release|Any CPU.Build.0 = Release|Any CPU
		{3387ED1C-A4FD-4512-8993-B81BB2204A56}.Debug|Any CPU.ActiveCfg = Debug|Any CPU
		{3387ED1C-A4FD-4512-8993-B81BB2204A56}.Debug|Any CPU.Build.0 = Debug|Any CPU
		{3387ED1C-A4FD-4512-8993-B81BB2204A56}.Release|Any CPU.ActiveCfg = Release|Any CPU
		{3387ED1C-A4FD-4512-8993-B81BB2204A56}.Release|Any CPU.Build.0 = Release|Any CPU
	EndGlobalSection
	GlobalSection(SolutionProperties) = preSolution
		HideSolutionNode = FALSE
	EndGlobalSection
	GlobalSection(ExtensibilityGlobals) = postSolution
		SolutionGuid = {61F7FB11-1E47-470C-91E2-47F8143E1572}
	EndGlobalSection
EndGlobal
