
Microsoft Visual Studio Solution File, Format Version 12.00
# Visual Studio Version 17
VisualStudioVersion = 17.2.32526.322
MinimumVisualStudioVersion = 10.0.40219.1
Project("{FAE04EC0-301F-11D3-BF4B-00C04F79EFBC}") = "Translators.UI.UWP", "Translators\Translators.UI.UWP\Translators.UI.UWP.csproj", "{E878F00D-288C-4F0B-9C5A-901EBB104B0C}"
EndProject
Project("{FAE04EC0-301F-11D3-BF4B-00C04F79EFBC}") = "Translators.UI.Android", "Translators\Translators.UI.Android\Translators.UI.Android.csproj", "{3DFA0E09-322C-4D38-B507-6205CBF7E9B9}"
EndProject
Project("{FAE04EC0-301F-11D3-BF4B-00C04F79EFBC}") = "Translators.UI.iOS", "Translators\Translators.UI.iOS\Translators.UI.iOS.csproj", "{B0D34D4C-FFD8-4D7A-ACC2-814051C00B59}"
EndProject
Project("{9A19103F-16F7-4668-BE54-9A1E7A4F7556}") = "Translators.UI", "Translators\Translators.UI\Translators.UI.csproj", "{C37A8A89-A702-48F0-83EB-502D3279F253}"
EndProject
Project("{2150E333-8FDC-42A3-9474-1A3956D46DE8}") = "UI", "UI", "{5ABE14AA-CC85-4D8A-A98B-DB2F13DC6F2F}"
EndProject
Project("{9A19103F-16F7-4668-BE54-9A1E7A4F7556}") = "Translators.ViewModels", "..\Translators\Translators.ViewModels\Translators.ViewModels.csproj", "{E7DB95C7-EDF8-4F9B-B5BD-4D13EFEB98FC}"
EndProject
Global
	GlobalSection(SolutionConfigurationPlatforms) = preSolution
		Debug|Any CPU = Debug|Any CPU
		Debug|ARM = Debug|ARM
		Debug|iPhone = Debug|iPhone
		Debug|iPhoneSimulator = Debug|iPhoneSimulator
		Debug|x64 = Debug|x64
		Debug|x86 = Debug|x86
		Release|Any CPU = Release|Any CPU
		Release|ARM = Release|ARM
		Release|iPhone = Release|iPhone
		Release|iPhoneSimulator = Release|iPhoneSimulator
		Release|x64 = Release|x64
		Release|x86 = Release|x86
	EndGlobalSection
	GlobalSection(ProjectConfigurationPlatforms) = postSolution
		{E878F00D-288C-4F0B-9C5A-901EBB104B0C}.Debug|Any CPU.ActiveCfg = Debug|x64
		{E878F00D-288C-4F0B-9C5A-901EBB104B0C}.Debug|Any CPU.Build.0 = Debug|x64
		{E878F00D-288C-4F0B-9C5A-901EBB104B0C}.Debug|Any CPU.Deploy.0 = Debug|x64
		{E878F00D-288C-4F0B-9C5A-901EBB104B0C}.Debug|ARM.ActiveCfg = Debug|ARM
		{E878F00D-288C-4F0B-9C5A-901EBB104B0C}.Debug|ARM.Build.0 = Debug|ARM
		{E878F00D-288C-4F0B-9C5A-901EBB104B0C}.Debug|ARM.Deploy.0 = Debug|ARM
		{E878F00D-288C-4F0B-9C5A-901EBB104B0C}.Debug|iPhone.ActiveCfg = Debug|x64
		{E878F00D-288C-4F0B-9C5A-901EBB104B0C}.Debug|iPhone.Build.0 = Debug|x64
		{E878F00D-288C-4F0B-9C5A-901EBB104B0C}.Debug|iPhone.Deploy.0 = Debug|x64
		{E878F00D-288C-4F0B-9C5A-901EBB104B0C}.Debug|iPhoneSimulator.ActiveCfg = Debug|x64
		{E878F00D-288C-4F0B-9C5A-901EBB104B0C}.Debug|iPhoneSimulator.Build.0 = Debug|x64
		{E878F00D-288C-4F0B-9C5A-901EBB104B0C}.Debug|iPhoneSimulator.Deploy.0 = Debug|x64
		{E878F00D-288C-4F0B-9C5A-901EBB104B0C}.Debug|x64.ActiveCfg = Debug|x64
		{E878F00D-288C-4F0B-9C5A-901EBB104B0C}.Debug|x64.Build.0 = Debug|x64
		{E878F00D-288C-4F0B-9C5A-901EBB104B0C}.Debug|x64.Deploy.0 = Debug|x64
		{E878F00D-288C-4F0B-9C5A-901EBB104B0C}.Debug|x86.ActiveCfg = Debug|x86
		{E878F00D-288C-4F0B-9C5A-901EBB104B0C}.Debug|x86.Build.0 = Debug|x86
		{E878F00D-288C-4F0B-9C5A-901EBB104B0C}.Debug|x86.Deploy.0 = Debug|x86
		{E878F00D-288C-4F0B-9C5A-901EBB104B0C}.Release|Any CPU.ActiveCfg = Release|x64
		{E878F00D-288C-4F0B-9C5A-901EBB104B0C}.Release|Any CPU.Build.0 = Release|x64
		{E878F00D-288C-4F0B-9C5A-901EBB104B0C}.Release|Any CPU.Deploy.0 = Release|x64
		{E878F00D-288C-4F0B-9C5A-901EBB104B0C}.Release|ARM.ActiveCfg = Release|ARM
		{E878F00D-288C-4F0B-9C5A-901EBB104B0C}.Release|ARM.Build.0 = Release|ARM
		{E878F00D-288C-4F0B-9C5A-901EBB104B0C}.Release|ARM.Deploy.0 = Release|ARM
		{E878F00D-288C-4F0B-9C5A-901EBB104B0C}.Release|iPhone.ActiveCfg = Release|x64
		{E878F00D-288C-4F0B-9C5A-901EBB104B0C}.Release|iPhone.Build.0 = Release|x64
		{E878F00D-288C-4F0B-9C5A-901EBB104B0C}.Release|iPhone.Deploy.0 = Release|x64
		{E878F00D-288C-4F0B-9C5A-901EBB104B0C}.Release|iPhoneSimulator.ActiveCfg = Release|x64
		{E878F00D-288C-4F0B-9C5A-901EBB104B0C}.Release|iPhoneSimulator.Build.0 = Release|x64
		{E878F00D-288C-4F0B-9C5A-901EBB104B0C}.Release|iPhoneSimulator.Deploy.0 = Release|x64
		{E878F00D-288C-4F0B-9C5A-901EBB104B0C}.Release|x64.ActiveCfg = Release|x64
		{E878F00D-288C-4F0B-9C5A-901EBB104B0C}.Release|x64.Build.0 = Release|x64
		{E878F00D-288C-4F0B-9C5A-901EBB104B0C}.Release|x64.Deploy.0 = Release|x64
		{E878F00D-288C-4F0B-9C5A-901EBB104B0C}.Release|x86.ActiveCfg = Release|x86
		{E878F00D-288C-4F0B-9C5A-901EBB104B0C}.Release|x86.Build.0 = Release|x86
		{E878F00D-288C-4F0B-9C5A-901EBB104B0C}.Release|x86.Deploy.0 = Release|x86
		{3DFA0E09-322C-4D38-B507-6205CBF7E9B9}.Debug|Any CPU.ActiveCfg = Debug|Any CPU
		{3DFA0E09-322C-4D38-B507-6205CBF7E9B9}.Debug|Any CPU.Build.0 = Debug|Any CPU
		{3DFA0E09-322C-4D38-B507-6205CBF7E9B9}.Debug|Any CPU.Deploy.0 = Debug|Any CPU
		{3DFA0E09-322C-4D38-B507-6205CBF7E9B9}.Debug|ARM.ActiveCfg = Debug|Any CPU
		{3DFA0E09-322C-4D38-B507-6205CBF7E9B9}.Debug|ARM.Build.0 = Debug|Any CPU
		{3DFA0E09-322C-4D38-B507-6205CBF7E9B9}.Debug|ARM.Deploy.0 = Debug|Any CPU
		{3DFA0E09-322C-4D38-B507-6205CBF7E9B9}.Debug|iPhone.ActiveCfg = Debug|Any CPU
		{3DFA0E09-322C-4D38-B507-6205CBF7E9B9}.Debug|iPhone.Build.0 = Debug|Any CPU
		{3DFA0E09-322C-4D38-B507-6205CBF7E9B9}.Debug|iPhone.Deploy.0 = Debug|Any CPU
		{3DFA0E09-322C-4D38-B507-6205CBF7E9B9}.Debug|iPhoneSimulator.ActiveCfg = Debug|Any CPU
		{3DFA0E09-322C-4D38-B507-6205CBF7E9B9}.Debug|iPhoneSimulator.Build.0 = Debug|Any CPU
		{3DFA0E09-322C-4D38-B507-6205CBF7E9B9}.Debug|iPhoneSimulator.Deploy.0 = Debug|Any CPU
		{3DFA0E09-322C-4D38-B507-6205CBF7E9B9}.Debug|x64.ActiveCfg = Debug|Any CPU
		{3DFA0E09-322C-4D38-B507-6205CBF7E9B9}.Debug|x64.Build.0 = Debug|Any CPU
		{3DFA0E09-322C-4D38-B507-6205CBF7E9B9}.Debug|x64.Deploy.0 = Debug|Any CPU
		{3DFA0E09-322C-4D38-B507-6205CBF7E9B9}.Debug|x86.ActiveCfg = Debug|Any CPU
		{3DFA0E09-322C-4D38-B507-6205CBF7E9B9}.Debug|x86.Build.0 = Debug|Any CPU
		{3DFA0E09-322C-4D38-B507-6205CBF7E9B9}.Debug|x86.Deploy.0 = Debug|Any CPU
		{3DFA0E09-322C-4D38-B507-6205CBF7E9B9}.Release|Any CPU.ActiveCfg = Release|Any CPU
		{3DFA0E09-322C-4D38-B507-6205CBF7E9B9}.Release|Any CPU.Build.0 = Release|Any CPU
		{3DFA0E09-322C-4D38-B507-6205CBF7E9B9}.Release|Any CPU.Deploy.0 = Release|Any CPU
		{3DFA0E09-322C-4D38-B507-6205CBF7E9B9}.Release|ARM.ActiveCfg = Release|Any CPU
		{3DFA0E09-322C-4D38-B507-6205CBF7E9B9}.Release|ARM.Build.0 = Release|Any CPU
		{3DFA0E09-322C-4D38-B507-6205CBF7E9B9}.Release|ARM.Deploy.0 = Release|Any CPU
		{3DFA0E09-322C-4D38-B507-6205CBF7E9B9}.Release|iPhone.ActiveCfg = Release|Any CPU
		{3DFA0E09-322C-4D38-B507-6205CBF7E9B9}.Release|iPhone.Build.0 = Release|Any CPU
		{3DFA0E09-322C-4D38-B507-6205CBF7E9B9}.Release|iPhone.Deploy.0 = Release|Any CPU
		{3DFA0E09-322C-4D38-B507-6205CBF7E9B9}.Release|iPhoneSimulator.ActiveCfg = Release|Any CPU
		{3DFA0E09-322C-4D38-B507-6205CBF7E9B9}.Release|iPhoneSimulator.Build.0 = Release|Any CPU
		{3DFA0E09-322C-4D38-B507-6205CBF7E9B9}.Release|iPhoneSimulator.Deploy.0 = Release|Any CPU
		{3DFA0E09-322C-4D38-B507-6205CBF7E9B9}.Release|x64.ActiveCfg = Release|Any CPU
		{3DFA0E09-322C-4D38-B507-6205CBF7E9B9}.Release|x64.Build.0 = Release|Any CPU
		{3DFA0E09-322C-4D38-B507-6205CBF7E9B9}.Release|x64.Deploy.0 = Release|Any CPU
		{3DFA0E09-322C-4D38-B507-6205CBF7E9B9}.Release|x86.ActiveCfg = Release|Any CPU
		{3DFA0E09-322C-4D38-B507-6205CBF7E9B9}.Release|x86.Build.0 = Release|Any CPU
		{3DFA0E09-322C-4D38-B507-6205CBF7E9B9}.Release|x86.Deploy.0 = Release|Any CPU
		{B0D34D4C-FFD8-4D7A-ACC2-814051C00B59}.Debug|Any CPU.ActiveCfg = Debug|iPhoneSimulator
		{B0D34D4C-FFD8-4D7A-ACC2-814051C00B59}.Debug|Any CPU.Build.0 = Debug|iPhoneSimulator
		{B0D34D4C-FFD8-4D7A-ACC2-814051C00B59}.Debug|Any CPU.Deploy.0 = Debug|iPhoneSimulator
		{B0D34D4C-FFD8-4D7A-ACC2-814051C00B59}.Debug|ARM.ActiveCfg = Debug|iPhoneSimulator
		{B0D34D4C-FFD8-4D7A-ACC2-814051C00B59}.Debug|ARM.Build.0 = Debug|iPhoneSimulator
		{B0D34D4C-FFD8-4D7A-ACC2-814051C00B59}.Debug|ARM.Deploy.0 = Debug|iPhoneSimulator
		{B0D34D4C-FFD8-4D7A-ACC2-814051C00B59}.Debug|iPhone.ActiveCfg = Debug|iPhone
		{B0D34D4C-FFD8-4D7A-ACC2-814051C00B59}.Debug|iPhone.Build.0 = Debug|iPhone
		{B0D34D4C-FFD8-4D7A-ACC2-814051C00B59}.Debug|iPhone.Deploy.0 = Debug|iPhone
		{B0D34D4C-FFD8-4D7A-ACC2-814051C00B59}.Debug|iPhoneSimulator.ActiveCfg = Debug|iPhoneSimulator
		{B0D34D4C-FFD8-4D7A-ACC2-814051C00B59}.Debug|iPhoneSimulator.Build.0 = Debug|iPhoneSimulator
		{B0D34D4C-FFD8-4D7A-ACC2-814051C00B59}.Debug|iPhoneSimulator.Deploy.0 = Debug|iPhoneSimulator
		{B0D34D4C-FFD8-4D7A-ACC2-814051C00B59}.Debug|x64.ActiveCfg = Debug|iPhone
		{B0D34D4C-FFD8-4D7A-ACC2-814051C00B59}.Debug|x64.Build.0 = Debug|iPhone
		{B0D34D4C-FFD8-4D7A-ACC2-814051C00B59}.Debug|x64.Deploy.0 = Debug|iPhone
		{B0D34D4C-FFD8-4D7A-ACC2-814051C00B59}.Debug|x86.ActiveCfg = Debug|iPhoneSimulator
		{B0D34D4C-FFD8-4D7A-ACC2-814051C00B59}.Debug|x86.Build.0 = Debug|iPhoneSimulator
		{B0D34D4C-FFD8-4D7A-ACC2-814051C00B59}.Debug|x86.Deploy.0 = Debug|iPhoneSimulator
		{B0D34D4C-FFD8-4D7A-ACC2-814051C00B59}.Release|Any CPU.ActiveCfg = Release|iPhoneSimulator
		{B0D34D4C-FFD8-4D7A-ACC2-814051C00B59}.Release|Any CPU.Build.0 = Release|iPhoneSimulator
		{B0D34D4C-FFD8-4D7A-ACC2-814051C00B59}.Release|Any CPU.Deploy.0 = Release|iPhoneSimulator
		{B0D34D4C-FFD8-4D7A-ACC2-814051C00B59}.Release|ARM.ActiveCfg = Release|iPhoneSimulator
		{B0D34D4C-FFD8-4D7A-ACC2-814051C00B59}.Release|ARM.Build.0 = Release|iPhoneSimulator
		{B0D34D4C-FFD8-4D7A-ACC2-814051C00B59}.Release|ARM.Deploy.0 = Release|iPhoneSimulator
		{B0D34D4C-FFD8-4D7A-ACC2-814051C00B59}.Release|iPhone.ActiveCfg = Release|iPhone
		{B0D34D4C-FFD8-4D7A-ACC2-814051C00B59}.Release|iPhone.Build.0 = Release|iPhone
		{B0D34D4C-FFD8-4D7A-ACC2-814051C00B59}.Release|iPhone.Deploy.0 = Release|iPhone
		{B0D34D4C-FFD8-4D7A-ACC2-814051C00B59}.Release|iPhoneSimulator.ActiveCfg = Release|iPhoneSimulator
		{B0D34D4C-FFD8-4D7A-ACC2-814051C00B59}.Release|iPhoneSimulator.Build.0 = Release|iPhoneSimulator
		{B0D34D4C-FFD8-4D7A-ACC2-814051C00B59}.Release|iPhoneSimulator.Deploy.0 = Release|iPhoneSimulator
		{B0D34D4C-FFD8-4D7A-ACC2-814051C00B59}.Release|x64.ActiveCfg = Release|iPhoneSimulator
		{B0D34D4C-FFD8-4D7A-ACC2-814051C00B59}.Release|x64.Build.0 = Release|iPhoneSimulator
		{B0D34D4C-FFD8-4D7A-ACC2-814051C00B59}.Release|x64.Deploy.0 = Release|iPhoneSimulator
		{B0D34D4C-FFD8-4D7A-ACC2-814051C00B59}.Release|x86.ActiveCfg = Release|iPhoneSimulator
		{B0D34D4C-FFD8-4D7A-ACC2-814051C00B59}.Release|x86.Build.0 = Release|iPhoneSimulator
		{B0D34D4C-FFD8-4D7A-ACC2-814051C00B59}.Release|x86.Deploy.0 = Release|iPhoneSimulator
		{C37A8A89-A702-48F0-83EB-502D3279F253}.Debug|Any CPU.ActiveCfg = Debug|Any CPU
		{C37A8A89-A702-48F0-83EB-502D3279F253}.Debug|Any CPU.Build.0 = Debug|Any CPU
		{C37A8A89-A702-48F0-83EB-502D3279F253}.Debug|Any CPU.Deploy.0 = Debug|Any CPU
		{C37A8A89-A702-48F0-83EB-502D3279F253}.Debug|ARM.ActiveCfg = Debug|Any CPU
		{C37A8A89-A702-48F0-83EB-502D3279F253}.Debug|ARM.Build.0 = Debug|Any CPU
		{C37A8A89-A702-48F0-83EB-502D3279F253}.Debug|ARM.Deploy.0 = Debug|Any CPU
		{C37A8A89-A702-48F0-83EB-502D3279F253}.Debug|iPhone.ActiveCfg = Debug|Any CPU
		{C37A8A89-A702-48F0-83EB-502D3279F253}.Debug|iPhone.Build.0 = Debug|Any CPU
		{C37A8A89-A702-48F0-83EB-502D3279F253}.Debug|iPhone.Deploy.0 = Debug|Any CPU
		{C37A8A89-A702-48F0-83EB-502D3279F253}.Debug|iPhoneSimulator.ActiveCfg = Debug|Any CPU
		{C37A8A89-A702-48F0-83EB-502D3279F253}.Debug|iPhoneSimulator.Build.0 = Debug|Any CPU
		{C37A8A89-A702-48F0-83EB-502D3279F253}.Debug|iPhoneSimulator.Deploy.0 = Debug|Any CPU
		{C37A8A89-A702-48F0-83EB-502D3279F253}.Debug|x64.ActiveCfg = Debug|Any CPU
		{C37A8A89-A702-48F0-83EB-502D3279F253}.Debug|x64.Build.0 = Debug|Any CPU
		{C37A8A89-A702-48F0-83EB-502D3279F253}.Debug|x64.Deploy.0 = Debug|Any CPU
		{C37A8A89-A702-48F0-83EB-502D3279F253}.Debug|x86.ActiveCfg = Debug|Any CPU
		{C37A8A89-A702-48F0-83EB-502D3279F253}.Debug|x86.Build.0 = Debug|Any CPU
		{C37A8A89-A702-48F0-83EB-502D3279F253}.Debug|x86.Deploy.0 = Debug|Any CPU
		{C37A8A89-A702-48F0-83EB-502D3279F253}.Release|Any CPU.ActiveCfg = Release|Any CPU
		{C37A8A89-A702-48F0-83EB-502D3279F253}.Release|Any CPU.Build.0 = Release|Any CPU
		{C37A8A89-A702-48F0-83EB-502D3279F253}.Release|Any CPU.Deploy.0 = Release|Any CPU
		{C37A8A89-A702-48F0-83EB-502D3279F253}.Release|ARM.ActiveCfg = Release|Any CPU
		{C37A8A89-A702-48F0-83EB-502D3279F253}.Release|ARM.Build.0 = Release|Any CPU
		{C37A8A89-A702-48F0-83EB-502D3279F253}.Release|ARM.Deploy.0 = Release|Any CPU
		{C37A8A89-A702-48F0-83EB-502D3279F253}.Release|iPhone.ActiveCfg = Release|Any CPU
		{C37A8A89-A702-48F0-83EB-502D3279F253}.Release|iPhone.Build.0 = Release|Any CPU
		{C37A8A89-A702-48F0-83EB-502D3279F253}.Release|iPhone.Deploy.0 = Release|Any CPU
		{C37A8A89-A702-48F0-83EB-502D3279F253}.Release|iPhoneSimulator.ActiveCfg = Release|Any CPU
		{C37A8A89-A702-48F0-83EB-502D3279F253}.Release|iPhoneSimulator.Build.0 = Release|Any CPU
		{C37A8A89-A702-48F0-83EB-502D3279F253}.Release|iPhoneSimulator.Deploy.0 = Release|Any CPU
		{C37A8A89-A702-48F0-83EB-502D3279F253}.Release|x64.ActiveCfg = Release|Any CPU
		{C37A8A89-A702-48F0-83EB-502D3279F253}.Release|x64.Build.0 = Release|Any CPU
		{C37A8A89-A702-48F0-83EB-502D3279F253}.Release|x64.Deploy.0 = Release|Any CPU
		{C37A8A89-A702-48F0-83EB-502D3279F253}.Release|x86.ActiveCfg = Release|Any CPU
		{C37A8A89-A702-48F0-83EB-502D3279F253}.Release|x86.Build.0 = Release|Any CPU
		{C37A8A89-A702-48F0-83EB-502D3279F253}.Release|x86.Deploy.0 = Release|Any CPU
		{E7DB95C7-EDF8-4F9B-B5BD-4D13EFEB98FC}.Debug|Any CPU.ActiveCfg = Debug|Any CPU
		{E7DB95C7-EDF8-4F9B-B5BD-4D13EFEB98FC}.Debug|Any CPU.Build.0 = Debug|Any CPU
		{E7DB95C7-EDF8-4F9B-B5BD-4D13EFEB98FC}.Debug|ARM.ActiveCfg = Debug|Any CPU
		{E7DB95C7-EDF8-4F9B-B5BD-4D13EFEB98FC}.Debug|ARM.Build.0 = Debug|Any CPU
		{E7DB95C7-EDF8-4F9B-B5BD-4D13EFEB98FC}.Debug|iPhone.ActiveCfg = Debug|Any CPU
		{E7DB95C7-EDF8-4F9B-B5BD-4D13EFEB98FC}.Debug|iPhone.Build.0 = Debug|Any CPU
		{E7DB95C7-EDF8-4F9B-B5BD-4D13EFEB98FC}.Debug|iPhoneSimulator.ActiveCfg = Debug|Any CPU
		{E7DB95C7-EDF8-4F9B-B5BD-4D13EFEB98FC}.Debug|iPhoneSimulator.Build.0 = Debug|Any CPU
		{E7DB95C7-EDF8-4F9B-B5BD-4D13EFEB98FC}.Debug|x64.ActiveCfg = Debug|Any CPU
		{E7DB95C7-EDF8-4F9B-B5BD-4D13EFEB98FC}.Debug|x64.Build.0 = Debug|Any CPU
		{E7DB95C7-EDF8-4F9B-B5BD-4D13EFEB98FC}.Debug|x86.ActiveCfg = Debug|Any CPU
		{E7DB95C7-EDF8-4F9B-B5BD-4D13EFEB98FC}.Debug|x86.Build.0 = Debug|Any CPU
		{E7DB95C7-EDF8-4F9B-B5BD-4D13EFEB98FC}.Release|Any CPU.ActiveCfg = Release|Any CPU
		{E7DB95C7-EDF8-4F9B-B5BD-4D13EFEB98FC}.Release|Any CPU.Build.0 = Release|Any CPU
		{E7DB95C7-EDF8-4F9B-B5BD-4D13EFEB98FC}.Release|ARM.ActiveCfg = Release|Any CPU
		{E7DB95C7-EDF8-4F9B-B5BD-4D13EFEB98FC}.Release|ARM.Build.0 = Release|Any CPU
		{E7DB95C7-EDF8-4F9B-B5BD-4D13EFEB98FC}.Release|iPhone.ActiveCfg = Release|Any CPU
		{E7DB95C7-EDF8-4F9B-B5BD-4D13EFEB98FC}.Release|iPhone.Build.0 = Release|Any CPU
		{E7DB95C7-EDF8-4F9B-B5BD-4D13EFEB98FC}.Release|iPhoneSimulator.ActiveCfg = Release|Any CPU
		{E7DB95C7-EDF8-4F9B-B5BD-4D13EFEB98FC}.Release|iPhoneSimulator.Build.0 = Release|Any CPU
		{E7DB95C7-EDF8-4F9B-B5BD-4D13EFEB98FC}.Release|x64.ActiveCfg = Release|Any CPU
		{E7DB95C7-EDF8-4F9B-B5BD-4D13EFEB98FC}.Release|x64.Build.0 = Release|Any CPU
		{E7DB95C7-EDF8-4F9B-B5BD-4D13EFEB98FC}.Release|x86.ActiveCfg = Release|Any CPU
		{E7DB95C7-EDF8-4F9B-B5BD-4D13EFEB98FC}.Release|x86.Build.0 = Release|Any CPU
	EndGlobalSection
	GlobalSection(SolutionProperties) = preSolution
		HideSolutionNode = FALSE
	EndGlobalSection
	GlobalSection(NestedProjects) = preSolution
		{E878F00D-288C-4F0B-9C5A-901EBB104B0C} = {5ABE14AA-CC85-4D8A-A98B-DB2F13DC6F2F}
		{3DFA0E09-322C-4D38-B507-6205CBF7E9B9} = {5ABE14AA-CC85-4D8A-A98B-DB2F13DC6F2F}
		{B0D34D4C-FFD8-4D7A-ACC2-814051C00B59} = {5ABE14AA-CC85-4D8A-A98B-DB2F13DC6F2F}
		{C37A8A89-A702-48F0-83EB-502D3279F253} = {5ABE14AA-CC85-4D8A-A98B-DB2F13DC6F2F}
	EndGlobalSection
	GlobalSection(ExtensibilityGlobals) = postSolution
		SolutionGuid = {90B45D66-F2C2-49DE-9453-BEB27AF20460}
	EndGlobalSection
EndGlobal
