
Microsoft Visual Studio Solution File, Format Version 12.00
# Visual Studio Version 17
VisualStudioVersion = 17.2.32526.322
MinimumVisualStudioVersion = 10.0.40219.1
Project("{FAE04EC0-301F-11D3-BF4B-00C04F79EFBC}") = "Translators.UI.UWP", "Translators\Translators.UI.UWP\Translators.UI.UWP.csproj", "{E878F00D-288C-4F0B-9C5A-901EBB104B0C}"
EndProject
Project("{FAE04EC0-301F-11D3-BF4B-00C04F79EFBC}") = "Translators.UI.Android", "Translators\Translators.UI.Android\Translators.UI.Android.csproj", "{3DFA0E09-322C-4D38-B507-6205CBF7E9B9}"
EndProject
Project("{FAE04EC0-301F-11D3-BF4B-00C04F79EFBC}") = "Translators.UI.iOS", "Translators\Translators.UI.iOS\Translators.UI.iOS.csproj", "{B0D34D4C-FFD8-4D7A-ACC2-814051C00B59}"
EndProject
Project("{9A19103F-16F7-4668-BE54-9A1E7A4F7556}") = "Translators.UI", "Translators\Translators.UI\Translators.UI.csproj", "{C37A8A89-A702-48F0-83EB-502D3279F253}"
EndProject
Project("{2150E333-8FDC-42A3-9474-1A3956D46DE8}") = "Application-Layer", "Application-Layer", "{5ABE14AA-CC85-4D8A-A98B-DB2F13DC6F2F}"
EndProject
Project("{9A19103F-16F7-4668-BE54-9A1E7A4F7556}") = "Translators.ViewModels", "..\Translators\Translators.ViewModels\Translators.ViewModels.csproj", "{E7DB95C7-EDF8-4F9B-B5BD-4D13EFEB98FC}"
EndProject
Project("{2150E333-8FDC-42A3-9474-1A3956D46DE8}") = "Components", "Components", "{395B7EC2-23C9-450C-BDB5-2FB98304A79E}"
EndProject
Project("{2150E333-8FDC-42A3-9474-1A3956D46DE8}") = "BusinessLogic-Layer", "BusinessLogic-Layer", "{C11B640C-E1C3-40E9-A9DD-826A49B4BBB6}"
EndProject
Project("{2150E333-8FDC-42A3-9474-1A3956D46DE8}") = "Tests-Layer", "Tests-Layer", "{66FADE35-13CD-48E3-8F08-48C15FC6D3F6}"
EndProject
Project("{2150E333-8FDC-42A3-9474-1A3956D46DE8}") = "Apps", "Apps", "{D9AADEE8-AEEC-4D45-ADCF-EB0234B30DBD}"
EndProject
Project("{9A19103F-16F7-4668-BE54-9A1E7A4F7556}") = "Translators.Tests", "Translators.Tests\Translators.Tests.csproj", "{5C212497-CDE9-4F6C-B123-FA076BA43ACB}"
EndProject
Project("{D954291E-2A0B-460D-934E-DC6B0785DB48}") = "Translators.SharedUI", "..\Translators\Translators.SharedUI\Translators.SharedUI.shproj", "{B0C95026-5BB0-4945-9DE3-81D1A7EA84A0}"
EndProject
Project("{2150E333-8FDC-42A3-9474-1A3956D46DE8}") = "SimpleAudioPLayer", "SimpleAudioPLayer", "{A397B30A-B24F-4D9D-A4EA-6E5E0EA104E5}"
EndProject
Project("{FAE04EC0-301F-11D3-BF4B-00C04F79EFBC}") = "Plugin.SimpleAudioPlayer.Android", "..\..\..\..\Xamarin-Plugins\SimpleAudioPlayer\SimpleAudioPlayer\Plugin.SimpleAudioPlayer.Android\Plugin.SimpleAudioPlayer.Android.csproj", "{56A56F17-7DE1-4CA1-9617-BF32E971AC84}"
EndProject
Project("{9A19103F-16F7-4668-BE54-9A1E7A4F7556}") = "Plugin.SimpleAudioPlayer.WPF", "..\..\..\..\Xamarin-Plugins\SimpleAudioPlayer\SimpleAudioPlayer\Plugin.SimpleAudioPlayer.WPF\Plugin.SimpleAudioPlayer.WPF.csproj", "{E39230FA-8B4B-4229-A847-EAB0E3B53877}"
EndProject
Project("{9A19103F-16F7-4668-BE54-9A1E7A4F7556}") = "Plugin.SimpleAudioPlayer.Abstractions", "..\..\..\..\Xamarin-Plugins\SimpleAudioPlayer\SimpleAudioPlayer\Plugin.SimpleAudioPlayer.Abstractions\Plugin.SimpleAudioPlayer.Abstractions.csproj", "{7C8186F6-8F8F-402E-BA7C-1BE962DBF00C}"
EndProject
Project("{9A19103F-16F7-4668-BE54-9A1E7A4F7556}") = "Plugin.SimpleAudioPlayer", "..\..\..\..\Xamarin-Plugins\SimpleAudioPlayer\SimpleAudioPlayer\Plugin.SimpleAudioPlayer\Plugin.SimpleAudioPlayer.csproj", "{4079808A-69B5-4BD8-9DEE-4DDAB01BB1F4}"
EndProject
Project("{FAE04EC0-301F-11D3-BF4B-00C04F79EFBC}") = "Plugin.SimpleAudioPlayer.UWP", "..\..\..\..\Xamarin-Plugins\SimpleAudioPlayer\SimpleAudioPlayer\Plugin.SimpleAudioPlayer.UWP\Plugin.SimpleAudioPlayer.UWP.csproj", "{E34B516D-C0D8-450F-9DB0-BB6A5B04AEF1}"
EndProject
Project("{D954291E-2A0B-460D-934E-DC6B0785DB48}") = "Translators.BaseSharedUI", "..\Translators\Translators.BaseSharedUI\Translators.BaseSharedUI.shproj", "{B60A389B-284B-4569-B6B3-7FD932D5D059}"
EndProject
Project("{9A19103F-16F7-4668-BE54-9A1E7A4F7556}") = "MvvmGo", "..\..\..\..\MvvmGo\MvvmGo\MvvmGo.csproj", "{18B8799A-2E1C-4A3D-9BE6-3D80C7605E5D}"
EndProject
Project("{9A19103F-16F7-4668-BE54-9A1E7A4F7556}") = "MvvmGo.WindowsWPF", "..\..\..\..\MvvmGo\MvvmGo.WindowsWPF\MvvmGo.WindowsWPF.csproj", "{FF3031D6-CE87-409A-B9AE-85A869702E35}"
EndProject
Global
	GlobalSection(SolutionConfigurationPlatforms) = preSolution
		Debug|Any CPU = Debug|Any CPU
		Debug|ARM = Debug|ARM
		Debug|iPhone = Debug|iPhone
		Debug|iPhoneSimulator = Debug|iPhoneSimulator
		Debug|x64 = Debug|x64
		Debug|x86 = Debug|x86
		Release|Any CPU = Release|Any CPU
		Release|ARM = Release|ARM
		Release|iPhone = Release|iPhone
		Release|iPhoneSimulator = Release|iPhoneSimulator
		Release|x64 = Release|x64
		Release|x86 = Release|x86
	EndGlobalSection
	GlobalSection(ProjectConfigurationPlatforms) = postSolution
		{E878F00D-288C-4F0B-9C5A-901EBB104B0C}.Debug|Any CPU.ActiveCfg = Debug|x64
		{E878F00D-288C-4F0B-9C5A-901EBB104B0C}.Debug|Any CPU.Build.0 = Debug|x64
		{E878F00D-288C-4F0B-9C5A-901EBB104B0C}.Debug|Any CPU.Deploy.0 = Debug|x64
		{E878F00D-288C-4F0B-9C5A-901EBB104B0C}.Debug|ARM.ActiveCfg = Debug|ARM
		{E878F00D-288C-4F0B-9C5A-901EBB104B0C}.Debug|ARM.Build.0 = Debug|ARM
		{E878F00D-288C-4F0B-9C5A-901EBB104B0C}.Debug|ARM.Deploy.0 = Debug|ARM
		{E878F00D-288C-4F0B-9C5A-901EBB104B0C}.Debug|iPhone.ActiveCfg = Debug|x64
		{E878F00D-288C-4F0B-9C5A-901EBB104B0C}.Debug|iPhone.Build.0 = Debug|x64
		{E878F00D-288C-4F0B-9C5A-901EBB104B0C}.Debug|iPhone.Deploy.0 = Debug|x64
		{E878F00D-288C-4F0B-9C5A-901EBB104B0C}.Debug|iPhoneSimulator.ActiveCfg = Debug|x64
		{E878F00D-288C-4F0B-9C5A-901EBB104B0C}.Debug|iPhoneSimulator.Build.0 = Debug|x64
		{E878F00D-288C-4F0B-9C5A-901EBB104B0C}.Debug|iPhoneSimulator.Deploy.0 = Debug|x64
		{E878F00D-288C-4F0B-9C5A-901EBB104B0C}.Debug|x64.ActiveCfg = Debug|x64
		{E878F00D-288C-4F0B-9C5A-901EBB104B0C}.Debug|x64.Build.0 = Debug|x64
		{E878F00D-288C-4F0B-9C5A-901EBB104B0C}.Debug|x64.Deploy.0 = Debug|x64
		{E878F00D-288C-4F0B-9C5A-901EBB104B0C}.Debug|x86.ActiveCfg = Debug|x86
		{E878F00D-288C-4F0B-9C5A-901EBB104B0C}.Debug|x86.Build.0 = Debug|x86
		{E878F00D-288C-4F0B-9C5A-901EBB104B0C}.Debug|x86.Deploy.0 = Debug|x86
		{E878F00D-288C-4F0B-9C5A-901EBB104B0C}.Release|Any CPU.ActiveCfg = Release|x64
		{E878F00D-288C-4F0B-9C5A-901EBB104B0C}.Release|Any CPU.Build.0 = Release|x64
		{E878F00D-288C-4F0B-9C5A-901EBB104B0C}.Release|Any CPU.Deploy.0 = Release|x64
		{E878F00D-288C-4F0B-9C5A-901EBB104B0C}.Release|ARM.ActiveCfg = Release|ARM
		{E878F00D-288C-4F0B-9C5A-901EBB104B0C}.Release|ARM.Build.0 = Release|ARM
		{E878F00D-288C-4F0B-9C5A-901EBB104B0C}.Release|ARM.Deploy.0 = Release|ARM
		{E878F00D-288C-4F0B-9C5A-901EBB104B0C}.Release|iPhone.ActiveCfg = Release|x64
		{E878F00D-288C-4F0B-9C5A-901EBB104B0C}.Release|iPhone.Build.0 = Release|x64
		{E878F00D-288C-4F0B-9C5A-901EBB104B0C}.Release|iPhone.Deploy.0 = Release|x64
		{E878F00D-288C-4F0B-9C5A-901EBB104B0C}.Release|iPhoneSimulator.ActiveCfg = Release|x64
		{E878F00D-288C-4F0B-9C5A-901EBB104B0C}.Release|iPhoneSimulator.Build.0 = Release|x64
		{E878F00D-288C-4F0B-9C5A-901EBB104B0C}.Release|iPhoneSimulator.Deploy.0 = Release|x64
		{E878F00D-288C-4F0B-9C5A-901EBB104B0C}.Release|x64.ActiveCfg = Release|x64
		{E878F00D-288C-4F0B-9C5A-901EBB104B0C}.Release|x64.Build.0 = Release|x64
		{E878F00D-288C-4F0B-9C5A-901EBB104B0C}.Release|x64.Deploy.0 = Release|x64
		{E878F00D-288C-4F0B-9C5A-901EBB104B0C}.Release|x86.ActiveCfg = Release|x86
		{E878F00D-288C-4F0B-9C5A-901EBB104B0C}.Release|x86.Build.0 = Release|x86
		{E878F00D-288C-4F0B-9C5A-901EBB104B0C}.Release|x86.Deploy.0 = Release|x86
		{3DFA0E09-322C-4D38-B507-6205CBF7E9B9}.Debug|Any CPU.ActiveCfg = Debug|Any CPU
		{3DFA0E09-322C-4D38-B507-6205CBF7E9B9}.Debug|Any CPU.Build.0 = Debug|Any CPU
		{3DFA0E09-322C-4D38-B507-6205CBF7E9B9}.Debug|Any CPU.Deploy.0 = Debug|Any CPU
		{3DFA0E09-322C-4D38-B507-6205CBF7E9B9}.Debug|ARM.ActiveCfg = Debug|Any CPU
		{3DFA0E09-322C-4D38-B507-6205CBF7E9B9}.Debug|ARM.Build.0 = Debug|Any CPU
		{3DFA0E09-322C-4D38-B507-6205CBF7E9B9}.Debug|ARM.Deploy.0 = Debug|Any CPU
		{3DFA0E09-322C-4D38-B507-6205CBF7E9B9}.Debug|iPhone.ActiveCfg = Debug|Any CPU
		{3DFA0E09-322C-4D38-B507-6205CBF7E9B9}.Debug|iPhone.Build.0 = Debug|Any CPU
		{3DFA0E09-322C-4D38-B507-6205CBF7E9B9}.Debug|iPhone.Deploy.0 = Debug|Any CPU
		{3DFA0E09-322C-4D38-B507-6205CBF7E9B9}.Debug|iPhoneSimulator.ActiveCfg = Debug|Any CPU
		{3DFA0E09-322C-4D38-B507-6205CBF7E9B9}.Debug|iPhoneSimulator.Build.0 = Debug|Any CPU
		{3DFA0E09-322C-4D38-B507-6205CBF7E9B9}.Debug|iPhoneSimulator.Deploy.0 = Debug|Any CPU
		{3DFA0E09-322C-4D38-B507-6205CBF7E9B9}.Debug|x64.ActiveCfg = Debug|Any CPU
		{3DFA0E09-322C-4D38-B507-6205CBF7E9B9}.Debug|x64.Build.0 = Debug|Any CPU
		{3DFA0E09-322C-4D38-B507-6205CBF7E9B9}.Debug|x64.Deploy.0 = Debug|Any CPU
		{3DFA0E09-322C-4D38-B507-6205CBF7E9B9}.Debug|x86.ActiveCfg = Debug|Any CPU
		{3DFA0E09-322C-4D38-B507-6205CBF7E9B9}.Debug|x86.Build.0 = Debug|Any CPU
		{3DFA0E09-322C-4D38-B507-6205CBF7E9B9}.Debug|x86.Deploy.0 = Debug|Any CPU
		{3DFA0E09-322C-4D38-B507-6205CBF7E9B9}.Release|Any CPU.ActiveCfg = Release|Any CPU
		{3DFA0E09-322C-4D38-B507-6205CBF7E9B9}.Release|Any CPU.Build.0 = Release|Any CPU
		{3DFA0E09-322C-4D38-B507-6205CBF7E9B9}.Release|Any CPU.Deploy.0 = Release|Any CPU
		{3DFA0E09-322C-4D38-B507-6205CBF7E9B9}.Release|ARM.ActiveCfg = Release|Any CPU
		{3DFA0E09-322C-4D38-B507-6205CBF7E9B9}.Release|ARM.Build.0 = Release|Any CPU
		{3DFA0E09-322C-4D38-B507-6205CBF7E9B9}.Release|ARM.Deploy.0 = Release|Any CPU
		{3DFA0E09-322C-4D38-B507-6205CBF7E9B9}.Release|iPhone.ActiveCfg = Release|Any CPU
		{3DFA0E09-322C-4D38-B507-6205CBF7E9B9}.Release|iPhone.Build.0 = Release|Any CPU
		{3DFA0E09-322C-4D38-B507-6205CBF7E9B9}.Release|iPhone.Deploy.0 = Release|Any CPU
		{3DFA0E09-322C-4D38-B507-6205CBF7E9B9}.Release|iPhoneSimulator.ActiveCfg = Release|Any CPU
		{3DFA0E09-322C-4D38-B507-6205CBF7E9B9}.Release|iPhoneSimulator.Build.0 = Release|Any CPU
		{3DFA0E09-322C-4D38-B507-6205CBF7E9B9}.Release|iPhoneSimulator.Deploy.0 = Release|Any CPU
		{3DFA0E09-322C-4D38-B507-6205CBF7E9B9}.Release|x64.ActiveCfg = Release|Any CPU
		{3DFA0E09-322C-4D38-B507-6205CBF7E9B9}.Release|x64.Build.0 = Release|Any CPU
		{3DFA0E09-322C-4D38-B507-6205CBF7E9B9}.Release|x64.Deploy.0 = Release|Any CPU
		{3DFA0E09-322C-4D38-B507-6205CBF7E9B9}.Release|x86.ActiveCfg = Release|Any CPU
		{3DFA0E09-322C-4D38-B507-6205CBF7E9B9}.Release|x86.Build.0 = Release|Any CPU
		{3DFA0E09-322C-4D38-B507-6205CBF7E9B9}.Release|x86.Deploy.0 = Release|Any CPU
		{B0D34D4C-FFD8-4D7A-ACC2-814051C00B59}.Debug|Any CPU.ActiveCfg = Debug|iPhoneSimulator
		{B0D34D4C-FFD8-4D7A-ACC2-814051C00B59}.Debug|Any CPU.Build.0 = Debug|iPhoneSimulator
		{B0D34D4C-FFD8-4D7A-ACC2-814051C00B59}.Debug|Any CPU.Deploy.0 = Debug|iPhoneSimulator
		{B0D34D4C-FFD8-4D7A-ACC2-814051C00B59}.Debug|ARM.ActiveCfg = Debug|iPhoneSimulator
		{B0D34D4C-FFD8-4D7A-ACC2-814051C00B59}.Debug|ARM.Build.0 = Debug|iPhoneSimulator
		{B0D34D4C-FFD8-4D7A-ACC2-814051C00B59}.Debug|ARM.Deploy.0 = Debug|iPhoneSimulator
		{B0D34D4C-FFD8-4D7A-ACC2-814051C00B59}.Debug|iPhone.ActiveCfg = Debug|iPhone
		{B0D34D4C-FFD8-4D7A-ACC2-814051C00B59}.Debug|iPhone.Build.0 = Debug|iPhone
		{B0D34D4C-FFD8-4D7A-ACC2-814051C00B59}.Debug|iPhone.Deploy.0 = Debug|iPhone
		{B0D34D4C-FFD8-4D7A-ACC2-814051C00B59}.Debug|iPhoneSimulator.ActiveCfg = Debug|iPhoneSimulator
		{B0D34D4C-FFD8-4D7A-ACC2-814051C00B59}.Debug|iPhoneSimulator.Build.0 = Debug|iPhoneSimulator
		{B0D34D4C-FFD8-4D7A-ACC2-814051C00B59}.Debug|iPhoneSimulator.Deploy.0 = Debug|iPhoneSimulator
		{B0D34D4C-FFD8-4D7A-ACC2-814051C00B59}.Debug|x64.ActiveCfg = Debug|iPhone
		{B0D34D4C-FFD8-4D7A-ACC2-814051C00B59}.Debug|x64.Build.0 = Debug|iPhone
		{B0D34D4C-FFD8-4D7A-ACC2-814051C00B59}.Debug|x64.Deploy.0 = Debug|iPhone
		{B0D34D4C-FFD8-4D7A-ACC2-814051C00B59}.Debug|x86.ActiveCfg = Debug|iPhoneSimulator
		{B0D34D4C-FFD8-4D7A-ACC2-814051C00B59}.Debug|x86.Build.0 = Debug|iPhoneSimulator
		{B0D34D4C-FFD8-4D7A-ACC2-814051C00B59}.Debug|x86.Deploy.0 = Debug|iPhoneSimulator
		{B0D34D4C-FFD8-4D7A-ACC2-814051C00B59}.Release|Any CPU.ActiveCfg = Release|iPhoneSimulator
		{B0D34D4C-FFD8-4D7A-ACC2-814051C00B59}.Release|Any CPU.Build.0 = Release|iPhoneSimulator
		{B0D34D4C-FFD8-4D7A-ACC2-814051C00B59}.Release|Any CPU.Deploy.0 = Release|iPhoneSimulator
		{B0D34D4C-FFD8-4D7A-ACC2-814051C00B59}.Release|ARM.ActiveCfg = Release|iPhoneSimulator
		{B0D34D4C-FFD8-4D7A-ACC2-814051C00B59}.Release|ARM.Build.0 = Release|iPhoneSimulator
		{B0D34D4C-FFD8-4D7A-ACC2-814051C00B59}.Release|ARM.Deploy.0 = Release|iPhoneSimulator
		{B0D34D4C-FFD8-4D7A-ACC2-814051C00B59}.Release|iPhone.ActiveCfg = Release|iPhone
		{B0D34D4C-FFD8-4D7A-ACC2-814051C00B59}.Release|iPhone.Build.0 = Release|iPhone
		{B0D34D4C-FFD8-4D7A-ACC2-814051C00B59}.Release|iPhone.Deploy.0 = Release|iPhone
		{B0D34D4C-FFD8-4D7A-ACC2-814051C00B59}.Release|iPhoneSimulator.ActiveCfg = Release|iPhoneSimulator
		{B0D34D4C-FFD8-4D7A-ACC2-814051C00B59}.Release|iPhoneSimulator.Build.0 = Release|iPhoneSimulator
		{B0D34D4C-FFD8-4D7A-ACC2-814051C00B59}.Release|iPhoneSimulator.Deploy.0 = Release|iPhoneSimulator
		{B0D34D4C-FFD8-4D7A-ACC2-814051C00B59}.Release|x64.ActiveCfg = Release|iPhoneSimulator
		{B0D34D4C-FFD8-4D7A-ACC2-814051C00B59}.Release|x64.Build.0 = Release|iPhoneSimulator
		{B0D34D4C-FFD8-4D7A-ACC2-814051C00B59}.Release|x64.Deploy.0 = Release|iPhoneSimulator
		{B0D34D4C-FFD8-4D7A-ACC2-814051C00B59}.Release|x86.ActiveCfg = Release|iPhoneSimulator
		{B0D34D4C-FFD8-4D7A-ACC2-814051C00B59}.Release|x86.Build.0 = Release|iPhoneSimulator
		{B0D34D4C-FFD8-4D7A-ACC2-814051C00B59}.Release|x86.Deploy.0 = Release|iPhoneSimulator
		{C37A8A89-A702-48F0-83EB-502D3279F253}.Debug|Any CPU.ActiveCfg = Debug|Any CPU
		{C37A8A89-A702-48F0-83EB-502D3279F253}.Debug|Any CPU.Build.0 = Debug|Any CPU
		{C37A8A89-A702-48F0-83EB-502D3279F253}.Debug|Any CPU.Deploy.0 = Debug|Any CPU
		{C37A8A89-A702-48F0-83EB-502D3279F253}.Debug|ARM.ActiveCfg = Debug|Any CPU
		{C37A8A89-A702-48F0-83EB-502D3279F253}.Debug|ARM.Build.0 = Debug|Any CPU
		{C37A8A89-A702-48F0-83EB-502D3279F253}.Debug|ARM.Deploy.0 = Debug|Any CPU
		{C37A8A89-A702-48F0-83EB-502D3279F253}.Debug|iPhone.ActiveCfg = Debug|Any CPU
		{C37A8A89-A702-48F0-83EB-502D3279F253}.Debug|iPhone.Build.0 = Debug|Any CPU
		{C37A8A89-A702-48F0-83EB-502D3279F253}.Debug|iPhone.Deploy.0 = Debug|Any CPU
		{C37A8A89-A702-48F0-83EB-502D3279F253}.Debug|iPhoneSimulator.ActiveCfg = Debug|Any CPU
		{C37A8A89-A702-48F0-83EB-502D3279F253}.Debug|iPhoneSimulator.Build.0 = Debug|Any CPU
		{C37A8A89-A702-48F0-83EB-502D3279F253}.Debug|iPhoneSimulator.Deploy.0 = Debug|Any CPU
		{C37A8A89-A702-48F0-83EB-502D3279F253}.Debug|x64.ActiveCfg = Debug|Any CPU
		{C37A8A89-A702-48F0-83EB-502D3279F253}.Debug|x64.Build.0 = Debug|Any CPU
		{C37A8A89-A702-48F0-83EB-502D3279F253}.Debug|x64.Deploy.0 = Debug|Any CPU
		{C37A8A89-A702-48F0-83EB-502D3279F253}.Debug|x86.ActiveCfg = Debug|Any CPU
		{C37A8A89-A702-48F0-83EB-502D3279F253}.Debug|x86.Build.0 = Debug|Any CPU
		{C37A8A89-A702-48F0-83EB-502D3279F253}.Debug|x86.Deploy.0 = Debug|Any CPU
		{C37A8A89-A702-48F0-83EB-502D3279F253}.Release|Any CPU.ActiveCfg = Release|Any CPU
		{C37A8A89-A702-48F0-83EB-502D3279F253}.Release|Any CPU.Build.0 = Release|Any CPU
		{C37A8A89-A702-48F0-83EB-502D3279F253}.Release|Any CPU.Deploy.0 = Release|Any CPU
		{C37A8A89-A702-48F0-83EB-502D3279F253}.Release|ARM.ActiveCfg = Release|Any CPU
		{C37A8A89-A702-48F0-83EB-502D3279F253}.Release|ARM.Build.0 = Release|Any CPU
		{C37A8A89-A702-48F0-83EB-502D3279F253}.Release|ARM.Deploy.0 = Release|Any CPU
		{C37A8A89-A702-48F0-83EB-502D3279F253}.Release|iPhone.ActiveCfg = Release|Any CPU
		{C37A8A89-A702-48F0-83EB-502D3279F253}.Release|iPhone.Build.0 = Release|Any CPU
		{C37A8A89-A702-48F0-83EB-502D3279F253}.Release|iPhone.Deploy.0 = Release|Any CPU
		{C37A8A89-A702-48F0-83EB-502D3279F253}.Release|iPhoneSimulator.ActiveCfg = Release|Any CPU
		{C37A8A89-A702-48F0-83EB-502D3279F253}.Release|iPhoneSimulator.Build.0 = Release|Any CPU
		{C37A8A89-A702-48F0-83EB-502D3279F253}.Release|iPhoneSimulator.Deploy.0 = Release|Any CPU
		{C37A8A89-A702-48F0-83EB-502D3279F253}.Release|x64.ActiveCfg = Release|Any CPU
		{C37A8A89-A702-48F0-83EB-502D3279F253}.Release|x64.Build.0 = Release|Any CPU
		{C37A8A89-A702-48F0-83EB-502D3279F253}.Release|x64.Deploy.0 = Release|Any CPU
		{C37A8A89-A702-48F0-83EB-502D3279F253}.Release|x86.ActiveCfg = Release|Any CPU
		{C37A8A89-A702-48F0-83EB-502D3279F253}.Release|x86.Build.0 = Release|Any CPU
		{C37A8A89-A702-48F0-83EB-502D3279F253}.Release|x86.Deploy.0 = Release|Any CPU
		{E7DB95C7-EDF8-4F9B-B5BD-4D13EFEB98FC}.Debug|Any CPU.ActiveCfg = Debug|Any CPU
		{E7DB95C7-EDF8-4F9B-B5BD-4D13EFEB98FC}.Debug|Any CPU.Build.0 = Debug|Any CPU
		{E7DB95C7-EDF8-4F9B-B5BD-4D13EFEB98FC}.Debug|ARM.ActiveCfg = Debug|Any CPU
		{E7DB95C7-EDF8-4F9B-B5BD-4D13EFEB98FC}.Debug|ARM.Build.0 = Debug|Any CPU
		{E7DB95C7-EDF8-4F9B-B5BD-4D13EFEB98FC}.Debug|iPhone.ActiveCfg = Debug|Any CPU
		{E7DB95C7-EDF8-4F9B-B5BD-4D13EFEB98FC}.Debug|iPhone.Build.0 = Debug|Any CPU
		{E7DB95C7-EDF8-4F9B-B5BD-4D13EFEB98FC}.Debug|iPhoneSimulator.ActiveCfg = Debug|Any CPU
		{E7DB95C7-EDF8-4F9B-B5BD-4D13EFEB98FC}.Debug|iPhoneSimulator.Build.0 = Debug|Any CPU
		{E7DB95C7-EDF8-4F9B-B5BD-4D13EFEB98FC}.Debug|x64.ActiveCfg = Debug|Any CPU
		{E7DB95C7-EDF8-4F9B-B5BD-4D13EFEB98FC}.Debug|x64.Build.0 = Debug|Any CPU
		{E7DB95C7-EDF8-4F9B-B5BD-4D13EFEB98FC}.Debug|x86.ActiveCfg = Debug|Any CPU
		{E7DB95C7-EDF8-4F9B-B5BD-4D13EFEB98FC}.Debug|x86.Build.0 = Debug|Any CPU
		{E7DB95C7-EDF8-4F9B-B5BD-4D13EFEB98FC}.Release|Any CPU.ActiveCfg = Release|Any CPU
		{E7DB95C7-EDF8-4F9B-B5BD-4D13EFEB98FC}.Release|Any CPU.Build.0 = Release|Any CPU
		{E7DB95C7-EDF8-4F9B-B5BD-4D13EFEB98FC}.Release|ARM.ActiveCfg = Release|Any CPU
		{E7DB95C7-EDF8-4F9B-B5BD-4D13EFEB98FC}.Release|ARM.Build.0 = Release|Any CPU
		{E7DB95C7-EDF8-4F9B-B5BD-4D13EFEB98FC}.Release|iPhone.ActiveCfg = Release|Any CPU
		{E7DB95C7-EDF8-4F9B-B5BD-4D13EFEB98FC}.Release|iPhone.Build.0 = Release|Any CPU
		{E7DB95C7-EDF8-4F9B-B5BD-4D13EFEB98FC}.Release|iPhoneSimulator.ActiveCfg = Release|Any CPU
		{E7DB95C7-EDF8-4F9B-B5BD-4D13EFEB98FC}.Release|iPhoneSimulator.Build.0 = Release|Any CPU
		{E7DB95C7-EDF8-4F9B-B5BD-4D13EFEB98FC}.Release|x64.ActiveCfg = Release|Any CPU
		{E7DB95C7-EDF8-4F9B-B5BD-4D13EFEB98FC}.Release|x64.Build.0 = Release|Any CPU
		{E7DB95C7-EDF8-4F9B-B5BD-4D13EFEB98FC}.Release|x86.ActiveCfg = Release|Any CPU
		{E7DB95C7-EDF8-4F9B-B5BD-4D13EFEB98FC}.Release|x86.Build.0 = Release|Any CPU
		{5C212497-CDE9-4F6C-B123-FA076BA43ACB}.Debug|Any CPU.ActiveCfg = Debug|Any CPU
		{5C212497-CDE9-4F6C-B123-FA076BA43ACB}.Debug|Any CPU.Build.0 = Debug|Any CPU
		{5C212497-CDE9-4F6C-B123-FA076BA43ACB}.Debug|ARM.ActiveCfg = Debug|Any CPU
		{5C212497-CDE9-4F6C-B123-FA076BA43ACB}.Debug|ARM.Build.0 = Debug|Any CPU
		{5C212497-CDE9-4F6C-B123-FA076BA43ACB}.Debug|iPhone.ActiveCfg = Debug|Any CPU
		{5C212497-CDE9-4F6C-B123-FA076BA43ACB}.Debug|iPhone.Build.0 = Debug|Any CPU
		{5C212497-CDE9-4F6C-B123-FA076BA43ACB}.Debug|iPhoneSimulator.ActiveCfg = Debug|Any CPU
		{5C212497-CDE9-4F6C-B123-FA076BA43ACB}.Debug|iPhoneSimulator.Build.0 = Debug|Any CPU
		{5C212497-CDE9-4F6C-B123-FA076BA43ACB}.Debug|x64.ActiveCfg = Debug|Any CPU
		{5C212497-CDE9-4F6C-B123-FA076BA43ACB}.Debug|x64.Build.0 = Debug|Any CPU
		{5C212497-CDE9-4F6C-B123-FA076BA43ACB}.Debug|x86.ActiveCfg = Debug|Any CPU
		{5C212497-CDE9-4F6C-B123-FA076BA43ACB}.Debug|x86.Build.0 = Debug|Any CPU
		{5C212497-CDE9-4F6C-B123-FA076BA43ACB}.Release|Any CPU.ActiveCfg = Release|Any CPU
		{5C212497-CDE9-4F6C-B123-FA076BA43ACB}.Release|Any CPU.Build.0 = Release|Any CPU
		{5C212497-CDE9-4F6C-B123-FA076BA43ACB}.Release|ARM.ActiveCfg = Release|Any CPU
		{5C212497-CDE9-4F6C-B123-FA076BA43ACB}.Release|ARM.Build.0 = Release|Any CPU
		{5C212497-CDE9-4F6C-B123-FA076BA43ACB}.Release|iPhone.ActiveCfg = Release|Any CPU
		{5C212497-CDE9-4F6C-B123-FA076BA43ACB}.Release|iPhone.Build.0 = Release|Any CPU
		{5C212497-CDE9-4F6C-B123-FA076BA43ACB}.Release|iPhoneSimulator.ActiveCfg = Release|Any CPU
		{5C212497-CDE9-4F6C-B123-FA076BA43ACB}.Release|iPhoneSimulator.Build.0 = Release|Any CPU
		{5C212497-CDE9-4F6C-B123-FA076BA43ACB}.Release|x64.ActiveCfg = Release|Any CPU
		{5C212497-CDE9-4F6C-B123-FA076BA43ACB}.Release|x64.Build.0 = Release|Any CPU
		{5C212497-CDE9-4F6C-B123-FA076BA43ACB}.Release|x86.ActiveCfg = Release|Any CPU
		{5C212497-CDE9-4F6C-B123-FA076BA43ACB}.Release|x86.Build.0 = Release|Any CPU
		{56A56F17-7DE1-4CA1-9617-BF32E971AC84}.Debug|Any CPU.ActiveCfg = Debug|Any CPU
		{56A56F17-7DE1-4CA1-9617-BF32E971AC84}.Debug|Any CPU.Build.0 = Debug|Any CPU
		{56A56F17-7DE1-4CA1-9617-BF32E971AC84}.Debug|ARM.ActiveCfg = Debug|Any CPU
		{56A56F17-7DE1-4CA1-9617-BF32E971AC84}.Debug|ARM.Build.0 = Debug|Any CPU
		{56A56F17-7DE1-4CA1-9617-BF32E971AC84}.Debug|iPhone.ActiveCfg = Debug|Any CPU
		{56A56F17-7DE1-4CA1-9617-BF32E971AC84}.Debug|iPhone.Build.0 = Debug|Any CPU
		{56A56F17-7DE1-4CA1-9617-BF32E971AC84}.Debug|iPhoneSimulator.ActiveCfg = Debug|Any CPU
		{56A56F17-7DE1-4CA1-9617-BF32E971AC84}.Debug|iPhoneSimulator.Build.0 = Debug|Any CPU
		{56A56F17-7DE1-4CA1-9617-BF32E971AC84}.Debug|x64.ActiveCfg = Debug|Any CPU
		{56A56F17-7DE1-4CA1-9617-BF32E971AC84}.Debug|x64.Build.0 = Debug|Any CPU
		{56A56F17-7DE1-4CA1-9617-BF32E971AC84}.Debug|x86.ActiveCfg = Debug|Any CPU
		{56A56F17-7DE1-4CA1-9617-BF32E971AC84}.Debug|x86.Build.0 = Debug|Any CPU
		{56A56F17-7DE1-4CA1-9617-BF32E971AC84}.Release|Any CPU.ActiveCfg = Release|Any CPU
		{56A56F17-7DE1-4CA1-9617-BF32E971AC84}.Release|Any CPU.Build.0 = Release|Any CPU
		{56A56F17-7DE1-4CA1-9617-BF32E971AC84}.Release|ARM.ActiveCfg = Release|Any CPU
		{56A56F17-7DE1-4CA1-9617-BF32E971AC84}.Release|ARM.Build.0 = Release|Any CPU
		{56A56F17-7DE1-4CA1-9617-BF32E971AC84}.Release|iPhone.ActiveCfg = Release|Any CPU
		{56A56F17-7DE1-4CA1-9617-BF32E971AC84}.Release|iPhone.Build.0 = Release|Any CPU
		{56A56F17-7DE1-4CA1-9617-BF32E971AC84}.Release|iPhoneSimulator.ActiveCfg = Release|Any CPU
		{56A56F17-7DE1-4CA1-9617-BF32E971AC84}.Release|iPhoneSimulator.Build.0 = Release|Any CPU
		{56A56F17-7DE1-4CA1-9617-BF32E971AC84}.Release|x64.ActiveCfg = Release|Any CPU
		{56A56F17-7DE1-4CA1-9617-BF32E971AC84}.Release|x64.Build.0 = Release|Any CPU
		{56A56F17-7DE1-4CA1-9617-BF32E971AC84}.Release|x86.ActiveCfg = Release|Any CPU
		{56A56F17-7DE1-4CA1-9617-BF32E971AC84}.Release|x86.Build.0 = Release|Any CPU
		{E39230FA-8B4B-4229-A847-EAB0E3B53877}.Debug|Any CPU.ActiveCfg = Debug|Any CPU
		{E39230FA-8B4B-4229-A847-EAB0E3B53877}.Debug|Any CPU.Build.0 = Debug|Any CPU
		{E39230FA-8B4B-4229-A847-EAB0E3B53877}.Debug|ARM.ActiveCfg = Debug|Any CPU
		{E39230FA-8B4B-4229-A847-EAB0E3B53877}.Debug|ARM.Build.0 = Debug|Any CPU
		{E39230FA-8B4B-4229-A847-EAB0E3B53877}.Debug|iPhone.ActiveCfg = Debug|Any CPU
		{E39230FA-8B4B-4229-A847-EAB0E3B53877}.Debug|iPhone.Build.0 = Debug|Any CPU
		{E39230FA-8B4B-4229-A847-EAB0E3B53877}.Debug|iPhoneSimulator.ActiveCfg = Debug|Any CPU
		{E39230FA-8B4B-4229-A847-EAB0E3B53877}.Debug|iPhoneSimulator.Build.0 = Debug|Any CPU
		{E39230FA-8B4B-4229-A847-EAB0E3B53877}.Debug|x64.ActiveCfg = Debug|Any CPU
		{E39230FA-8B4B-4229-A847-EAB0E3B53877}.Debug|x64.Build.0 = Debug|Any CPU
		{E39230FA-8B4B-4229-A847-EAB0E3B53877}.Debug|x86.ActiveCfg = Debug|Any CPU
		{E39230FA-8B4B-4229-A847-EAB0E3B53877}.Debug|x86.Build.0 = Debug|Any CPU
		{E39230FA-8B4B-4229-A847-EAB0E3B53877}.Release|Any CPU.ActiveCfg = Release|Any CPU
		{E39230FA-8B4B-4229-A847-EAB0E3B53877}.Release|Any CPU.Build.0 = Release|Any CPU
		{E39230FA-8B4B-4229-A847-EAB0E3B53877}.Release|ARM.ActiveCfg = Release|Any CPU
		{E39230FA-8B4B-4229-A847-EAB0E3B53877}.Release|ARM.Build.0 = Release|Any CPU
		{E39230FA-8B4B-4229-A847-EAB0E3B53877}.Release|iPhone.ActiveCfg = Release|Any CPU
		{E39230FA-8B4B-4229-A847-EAB0E3B53877}.Release|iPhone.Build.0 = Release|Any CPU
		{E39230FA-8B4B-4229-A847-EAB0E3B53877}.Release|iPhoneSimulator.ActiveCfg = Release|Any CPU
		{E39230FA-8B4B-4229-A847-EAB0E3B53877}.Release|iPhoneSimulator.Build.0 = Release|Any CPU
		{E39230FA-8B4B-4229-A847-EAB0E3B53877}.Release|x64.ActiveCfg = Release|Any CPU
		{E39230FA-8B4B-4229-A847-EAB0E3B53877}.Release|x64.Build.0 = Release|Any CPU
		{E39230FA-8B4B-4229-A847-EAB0E3B53877}.Release|x86.ActiveCfg = Release|Any CPU
		{E39230FA-8B4B-4229-A847-EAB0E3B53877}.Release|x86.Build.0 = Release|Any CPU
		{7C8186F6-8F8F-402E-BA7C-1BE962DBF00C}.Debug|Any CPU.ActiveCfg = Debug|Any CPU
		{7C8186F6-8F8F-402E-BA7C-1BE962DBF00C}.Debug|Any CPU.Build.0 = Debug|Any CPU
		{7C8186F6-8F8F-402E-BA7C-1BE962DBF00C}.Debug|ARM.ActiveCfg = Debug|Any CPU
		{7C8186F6-8F8F-402E-BA7C-1BE962DBF00C}.Debug|ARM.Build.0 = Debug|Any CPU
		{7C8186F6-8F8F-402E-BA7C-1BE962DBF00C}.Debug|iPhone.ActiveCfg = Debug|Any CPU
		{7C8186F6-8F8F-402E-BA7C-1BE962DBF00C}.Debug|iPhone.Build.0 = Debug|Any CPU
		{7C8186F6-8F8F-402E-BA7C-1BE962DBF00C}.Debug|iPhoneSimulator.ActiveCfg = Debug|Any CPU
		{7C8186F6-8F8F-402E-BA7C-1BE962DBF00C}.Debug|iPhoneSimulator.Build.0 = Debug|Any CPU
		{7C8186F6-8F8F-402E-BA7C-1BE962DBF00C}.Debug|x64.ActiveCfg = Debug|Any CPU
		{7C8186F6-8F8F-402E-BA7C-1BE962DBF00C}.Debug|x64.Build.0 = Debug|Any CPU
		{7C8186F6-8F8F-402E-BA7C-1BE962DBF00C}.Debug|x86.ActiveCfg = Debug|Any CPU
		{7C8186F6-8F8F-402E-BA7C-1BE962DBF00C}.Debug|x86.Build.0 = Debug|Any CPU
		{7C8186F6-8F8F-402E-BA7C-1BE962DBF00C}.Release|Any CPU.ActiveCfg = Release|Any CPU
		{7C8186F6-8F8F-402E-BA7C-1BE962DBF00C}.Release|Any CPU.Build.0 = Release|Any CPU
		{7C8186F6-8F8F-402E-BA7C-1BE962DBF00C}.Release|ARM.ActiveCfg = Release|Any CPU
		{7C8186F6-8F8F-402E-BA7C-1BE962DBF00C}.Release|ARM.Build.0 = Release|Any CPU
		{7C8186F6-8F8F-402E-BA7C-1BE962DBF00C}.Release|iPhone.ActiveCfg = Release|Any CPU
		{7C8186F6-8F8F-402E-BA7C-1BE962DBF00C}.Release|iPhone.Build.0 = Release|Any CPU
		{7C8186F6-8F8F-402E-BA7C-1BE962DBF00C}.Release|iPhoneSimulator.ActiveCfg = Release|Any CPU
		{7C8186F6-8F8F-402E-BA7C-1BE962DBF00C}.Release|iPhoneSimulator.Build.0 = Release|Any CPU
		{7C8186F6-8F8F-402E-BA7C-1BE962DBF00C}.Release|x64.ActiveCfg = Release|Any CPU
		{7C8186F6-8F8F-402E-BA7C-1BE962DBF00C}.Release|x64.Build.0 = Release|Any CPU
		{7C8186F6-8F8F-402E-BA7C-1BE962DBF00C}.Release|x86.ActiveCfg = Release|Any CPU
		{7C8186F6-8F8F-402E-BA7C-1BE962DBF00C}.Release|x86.Build.0 = Release|Any CPU
		{4079808A-69B5-4BD8-9DEE-4DDAB01BB1F4}.Debug|Any CPU.ActiveCfg = Debug|Any CPU
		{4079808A-69B5-4BD8-9DEE-4DDAB01BB1F4}.Debug|Any CPU.Build.0 = Debug|Any CPU
		{4079808A-69B5-4BD8-9DEE-4DDAB01BB1F4}.Debug|ARM.ActiveCfg = Debug|Any CPU
		{4079808A-69B5-4BD8-9DEE-4DDAB01BB1F4}.Debug|ARM.Build.0 = Debug|Any CPU
		{4079808A-69B5-4BD8-9DEE-4DDAB01BB1F4}.Debug|iPhone.ActiveCfg = Debug|Any CPU
		{4079808A-69B5-4BD8-9DEE-4DDAB01BB1F4}.Debug|iPhone.Build.0 = Debug|Any CPU
		{4079808A-69B5-4BD8-9DEE-4DDAB01BB1F4}.Debug|iPhoneSimulator.ActiveCfg = Debug|Any CPU
		{4079808A-69B5-4BD8-9DEE-4DDAB01BB1F4}.Debug|iPhoneSimulator.Build.0 = Debug|Any CPU
		{4079808A-69B5-4BD8-9DEE-4DDAB01BB1F4}.Debug|x64.ActiveCfg = Debug|Any CPU
		{4079808A-69B5-4BD8-9DEE-4DDAB01BB1F4}.Debug|x64.Build.0 = Debug|Any CPU
		{4079808A-69B5-4BD8-9DEE-4DDAB01BB1F4}.Debug|x86.ActiveCfg = Debug|Any CPU
		{4079808A-69B5-4BD8-9DEE-4DDAB01BB1F4}.Debug|x86.Build.0 = Debug|Any CPU
		{4079808A-69B5-4BD8-9DEE-4DDAB01BB1F4}.Release|Any CPU.ActiveCfg = Release|Any CPU
		{4079808A-69B5-4BD8-9DEE-4DDAB01BB1F4}.Release|Any CPU.Build.0 = Release|Any CPU
		{4079808A-69B5-4BD8-9DEE-4DDAB01BB1F4}.Release|ARM.ActiveCfg = Release|Any CPU
		{4079808A-69B5-4BD8-9DEE-4DDAB01BB1F4}.Release|ARM.Build.0 = Release|Any CPU
		{4079808A-69B5-4BD8-9DEE-4DDAB01BB1F4}.Release|iPhone.ActiveCfg = Release|Any CPU
		{4079808A-69B5-4BD8-9DEE-4DDAB01BB1F4}.Release|iPhone.Build.0 = Release|Any CPU
		{4079808A-69B5-4BD8-9DEE-4DDAB01BB1F4}.Release|iPhoneSimulator.ActiveCfg = Release|Any CPU
		{4079808A-69B5-4BD8-9DEE-4DDAB01BB1F4}.Release|iPhoneSimulator.Build.0 = Release|Any CPU
		{4079808A-69B5-4BD8-9DEE-4DDAB01BB1F4}.Release|x64.ActiveCfg = Release|Any CPU
		{4079808A-69B5-4BD8-9DEE-4DDAB01BB1F4}.Release|x64.Build.0 = Release|Any CPU
		{4079808A-69B5-4BD8-9DEE-4DDAB01BB1F4}.Release|x86.ActiveCfg = Release|Any CPU
		{4079808A-69B5-4BD8-9DEE-4DDAB01BB1F4}.Release|x86.Build.0 = Release|Any CPU
		{E34B516D-C0D8-450F-9DB0-BB6A5B04AEF1}.Debug|Any CPU.ActiveCfg = Debug|Any CPU
		{E34B516D-C0D8-450F-9DB0-BB6A5B04AEF1}.Debug|Any CPU.Build.0 = Debug|Any CPU
		{E34B516D-C0D8-450F-9DB0-BB6A5B04AEF1}.Debug|ARM.ActiveCfg = Debug|ARM
		{E34B516D-C0D8-450F-9DB0-BB6A5B04AEF1}.Debug|ARM.Build.0 = Debug|ARM
		{E34B516D-C0D8-450F-9DB0-BB6A5B04AEF1}.Debug|iPhone.ActiveCfg = Debug|Any CPU
		{E34B516D-C0D8-450F-9DB0-BB6A5B04AEF1}.Debug|iPhone.Build.0 = Debug|Any CPU
		{E34B516D-C0D8-450F-9DB0-BB6A5B04AEF1}.Debug|iPhoneSimulator.ActiveCfg = Debug|Any CPU
		{E34B516D-C0D8-450F-9DB0-BB6A5B04AEF1}.Debug|iPhoneSimulator.Build.0 = Debug|Any CPU
		{E34B516D-C0D8-450F-9DB0-BB6A5B04AEF1}.Debug|x64.ActiveCfg = Debug|x64
		{E34B516D-C0D8-450F-9DB0-BB6A5B04AEF1}.Debug|x64.Build.0 = Debug|x64
		{E34B516D-C0D8-450F-9DB0-BB6A5B04AEF1}.Debug|x86.ActiveCfg = Debug|x86
		{E34B516D-C0D8-450F-9DB0-BB6A5B04AEF1}.Debug|x86.Build.0 = Debug|x86
		{E34B516D-C0D8-450F-9DB0-BB6A5B04AEF1}.Release|Any CPU.ActiveCfg = Release|Any CPU
		{E34B516D-C0D8-450F-9DB0-BB6A5B04AEF1}.Release|Any CPU.Build.0 = Release|Any CPU
		{E34B516D-C0D8-450F-9DB0-BB6A5B04AEF1}.Release|ARM.ActiveCfg = Release|ARM
		{E34B516D-C0D8-450F-9DB0-BB6A5B04AEF1}.Release|ARM.Build.0 = Release|ARM
		{E34B516D-C0D8-450F-9DB0-BB6A5B04AEF1}.Release|iPhone.ActiveCfg = Release|Any CPU
		{E34B516D-C0D8-450F-9DB0-BB6A5B04AEF1}.Release|iPhone.Build.0 = Release|Any CPU
		{E34B516D-C0D8-450F-9DB0-BB6A5B04AEF1}.Release|iPhoneSimulator.ActiveCfg = Release|Any CPU
		{E34B516D-C0D8-450F-9DB0-BB6A5B04AEF1}.Release|iPhoneSimulator.Build.0 = Release|Any CPU
		{E34B516D-C0D8-450F-9DB0-BB6A5B04AEF1}.Release|x64.ActiveCfg = Release|x64
		{E34B516D-C0D8-450F-9DB0-BB6A5B04AEF1}.Release|x64.Build.0 = Release|x64
		{E34B516D-C0D8-450F-9DB0-BB6A5B04AEF1}.Release|x86.ActiveCfg = Release|x86
		{E34B516D-C0D8-450F-9DB0-BB6A5B04AEF1}.Release|x86.Build.0 = Release|x86
		{18B8799A-2E1C-4A3D-9BE6-3D80C7605E5D}.Debug|Any CPU.ActiveCfg = Debug|Any CPU
		{18B8799A-2E1C-4A3D-9BE6-3D80C7605E5D}.Debug|Any CPU.Build.0 = Debug|Any CPU
		{18B8799A-2E1C-4A3D-9BE6-3D80C7605E5D}.Debug|ARM.ActiveCfg = Debug|Any CPU
		{18B8799A-2E1C-4A3D-9BE6-3D80C7605E5D}.Debug|ARM.Build.0 = Debug|Any CPU
		{18B8799A-2E1C-4A3D-9BE6-3D80C7605E5D}.Debug|iPhone.ActiveCfg = Debug|Any CPU
		{18B8799A-2E1C-4A3D-9BE6-3D80C7605E5D}.Debug|iPhone.Build.0 = Debug|Any CPU
		{18B8799A-2E1C-4A3D-9BE6-3D80C7605E5D}.Debug|iPhoneSimulator.ActiveCfg = Debug|Any CPU
		{18B8799A-2E1C-4A3D-9BE6-3D80C7605E5D}.Debug|iPhoneSimulator.Build.0 = Debug|Any CPU
		{18B8799A-2E1C-4A3D-9BE6-3D80C7605E5D}.Debug|x64.ActiveCfg = Debug|Any CPU
		{18B8799A-2E1C-4A3D-9BE6-3D80C7605E5D}.Debug|x64.Build.0 = Debug|Any CPU
		{18B8799A-2E1C-4A3D-9BE6-3D80C7605E5D}.Debug|x86.ActiveCfg = Debug|Any CPU
		{18B8799A-2E1C-4A3D-9BE6-3D80C7605E5D}.Debug|x86.Build.0 = Debug|Any CPU
		{18B8799A-2E1C-4A3D-9BE6-3D80C7605E5D}.Release|Any CPU.ActiveCfg = Release|Any CPU
		{18B8799A-2E1C-4A3D-9BE6-3D80C7605E5D}.Release|Any CPU.Build.0 = Release|Any CPU
		{18B8799A-2E1C-4A3D-9BE6-3D80C7605E5D}.Release|ARM.ActiveCfg = Release|Any CPU
		{18B8799A-2E1C-4A3D-9BE6-3D80C7605E5D}.Release|ARM.Build.0 = Release|Any CPU
		{18B8799A-2E1C-4A3D-9BE6-3D80C7605E5D}.Release|iPhone.ActiveCfg = Release|Any CPU
		{18B8799A-2E1C-4A3D-9BE6-3D80C7605E5D}.Release|iPhone.Build.0 = Release|Any CPU
		{18B8799A-2E1C-4A3D-9BE6-3D80C7605E5D}.Release|iPhoneSimulator.ActiveCfg = Release|Any CPU
		{18B8799A-2E1C-4A3D-9BE6-3D80C7605E5D}.Release|iPhoneSimulator.Build.0 = Release|Any CPU
		{18B8799A-2E1C-4A3D-9BE6-3D80C7605E5D}.Release|x64.ActiveCfg = Release|Any CPU
		{18B8799A-2E1C-4A3D-9BE6-3D80C7605E5D}.Release|x64.Build.0 = Release|Any CPU
		{18B8799A-2E1C-4A3D-9BE6-3D80C7605E5D}.Release|x86.ActiveCfg = Release|Any CPU
		{18B8799A-2E1C-4A3D-9BE6-3D80C7605E5D}.Release|x86.Build.0 = Release|Any CPU
		{FF3031D6-CE87-409A-B9AE-85A869702E35}.Debug|Any CPU.ActiveCfg = Debug|Any CPU
		{FF3031D6-CE87-409A-B9AE-85A869702E35}.Debug|Any CPU.Build.0 = Debug|Any CPU
		{FF3031D6-CE87-409A-B9AE-85A869702E35}.Debug|ARM.ActiveCfg = Debug|Any CPU
		{FF3031D6-CE87-409A-B9AE-85A869702E35}.Debug|ARM.Build.0 = Debug|Any CPU
		{FF3031D6-CE87-409A-B9AE-85A869702E35}.Debug|iPhone.ActiveCfg = Debug|Any CPU
		{FF3031D6-CE87-409A-B9AE-85A869702E35}.Debug|iPhone.Build.0 = Debug|Any CPU
		{FF3031D6-CE87-409A-B9AE-85A869702E35}.Debug|iPhoneSimulator.ActiveCfg = Debug|Any CPU
		{FF3031D6-CE87-409A-B9AE-85A869702E35}.Debug|iPhoneSimulator.Build.0 = Debug|Any CPU
		{FF3031D6-CE87-409A-B9AE-85A869702E35}.Debug|x64.ActiveCfg = Debug|Any CPU
		{FF3031D6-CE87-409A-B9AE-85A869702E35}.Debug|x64.Build.0 = Debug|Any CPU
		{FF3031D6-CE87-409A-B9AE-85A869702E35}.Debug|x86.ActiveCfg = Debug|Any CPU
		{FF3031D6-CE87-409A-B9AE-85A869702E35}.Debug|x86.Build.0 = Debug|Any CPU
		{FF3031D6-CE87-409A-B9AE-85A869702E35}.Release|Any CPU.ActiveCfg = Release|Any CPU
		{FF3031D6-CE87-409A-B9AE-85A869702E35}.Release|Any CPU.Build.0 = Release|Any CPU
		{FF3031D6-CE87-409A-B9AE-85A869702E35}.Release|ARM.ActiveCfg = Release|Any CPU
		{FF3031D6-CE87-409A-B9AE-85A869702E35}.Release|ARM.Build.0 = Release|Any CPU
		{FF3031D6-CE87-409A-B9AE-85A869702E35}.Release|iPhone.ActiveCfg = Release|Any CPU
		{FF3031D6-CE87-409A-B9AE-85A869702E35}.Release|iPhone.Build.0 = Release|Any CPU
		{FF3031D6-CE87-409A-B9AE-85A869702E35}.Release|iPhoneSimulator.ActiveCfg = Release|Any CPU
		{FF3031D6-CE87-409A-B9AE-85A869702E35}.Release|iPhoneSimulator.Build.0 = Release|Any CPU
		{FF3031D6-CE87-409A-B9AE-85A869702E35}.Release|x64.ActiveCfg = Release|Any CPU
		{FF3031D6-CE87-409A-B9AE-85A869702E35}.Release|x64.Build.0 = Release|Any CPU
		{FF3031D6-CE87-409A-B9AE-85A869702E35}.Release|x86.ActiveCfg = Release|Any CPU
		{FF3031D6-CE87-409A-B9AE-85A869702E35}.Release|x86.Build.0 = Release|Any CPU
	EndGlobalSection
	GlobalSection(SolutionProperties) = preSolution
		HideSolutionNode = FALSE
	EndGlobalSection
	GlobalSection(NestedProjects) = preSolution
		{E878F00D-288C-4F0B-9C5A-901EBB104B0C} = {5ABE14AA-CC85-4D8A-A98B-DB2F13DC6F2F}
		{3DFA0E09-322C-4D38-B507-6205CBF7E9B9} = {5ABE14AA-CC85-4D8A-A98B-DB2F13DC6F2F}
		{B0D34D4C-FFD8-4D7A-ACC2-814051C00B59} = {5ABE14AA-CC85-4D8A-A98B-DB2F13DC6F2F}
		{C37A8A89-A702-48F0-83EB-502D3279F253} = {5ABE14AA-CC85-4D8A-A98B-DB2F13DC6F2F}
		{5ABE14AA-CC85-4D8A-A98B-DB2F13DC6F2F} = {D9AADEE8-AEEC-4D45-ADCF-EB0234B30DBD}
		{E7DB95C7-EDF8-4F9B-B5BD-4D13EFEB98FC} = {C11B640C-E1C3-40E9-A9DD-826A49B4BBB6}
		{C11B640C-E1C3-40E9-A9DD-826A49B4BBB6} = {D9AADEE8-AEEC-4D45-ADCF-EB0234B30DBD}
		{66FADE35-13CD-48E3-8F08-48C15FC6D3F6} = {D9AADEE8-AEEC-4D45-ADCF-EB0234B30DBD}
		{5C212497-CDE9-4F6C-B123-FA076BA43ACB} = {66FADE35-13CD-48E3-8F08-48C15FC6D3F6}
		{B0C95026-5BB0-4945-9DE3-81D1A7EA84A0} = {5ABE14AA-CC85-4D8A-A98B-DB2F13DC6F2F}
		{A397B30A-B24F-4D9D-A4EA-6E5E0EA104E5} = {395B7EC2-23C9-450C-BDB5-2FB98304A79E}
		{56A56F17-7DE1-4CA1-9617-BF32E971AC84} = {A397B30A-B24F-4D9D-A4EA-6E5E0EA104E5}
		{E39230FA-8B4B-4229-A847-EAB0E3B53877} = {A397B30A-B24F-4D9D-A4EA-6E5E0EA104E5}
		{7C8186F6-8F8F-402E-BA7C-1BE962DBF00C} = {A397B30A-B24F-4D9D-A4EA-6E5E0EA104E5}
		{4079808A-69B5-4BD8-9DEE-4DDAB01BB1F4} = {A397B30A-B24F-4D9D-A4EA-6E5E0EA104E5}
		{E34B516D-C0D8-450F-9DB0-BB6A5B04AEF1} = {A397B30A-B24F-4D9D-A4EA-6E5E0EA104E5}
		{B60A389B-284B-4569-B6B3-7FD932D5D059} = {5ABE14AA-CC85-4D8A-A98B-DB2F13DC6F2F}
		{18B8799A-2E1C-4A3D-9BE6-3D80C7605E5D} = {395B7EC2-23C9-450C-BDB5-2FB98304A79E}
		{FF3031D6-CE87-409A-B9AE-85A869702E35} = {395B7EC2-23C9-450C-BDB5-2FB98304A79E}
	EndGlobalSection
	GlobalSection(ExtensibilityGlobals) = postSolution
		SolutionGuid = {90B45D66-F2C2-49DE-9453-BEB27AF20460}
	EndGlobalSection
	GlobalSection(SharedMSBuildProjectFiles) = preSolution
		..\..\..\..\Xamarin-Plugins\SimpleAudioPlayer\Plugin.SharedSimpleAudioPlayer\Plugin.SharedSimpleAudioPlayer.projitems*{56a56f17-7de1-4ca1-9617-bf32e971ac84}*SharedItemsImports = 4
		..\Translators\Translators.SharedUI\Translators.SharedUI.projitems*{b0c95026-5bb0-4945-9de3-81d1a7ea84a0}*SharedItemsImports = 13
		..\Translators\Translators.BaseSharedUI\Translators.BaseSharedUI.projitems*{b60a389b-284b-4569-b6b3-7fd932d5d059}*SharedItemsImports = 13
		..\Translators\Translators.BaseSharedUI\Translators.BaseSharedUI.projitems*{c37a8a89-a702-48f0-83eb-502d3279f253}*SharedItemsImports = 5
		..\Translators\Translators.SharedUI\Translators.SharedUI.projitems*{c37a8a89-a702-48f0-83eb-502d3279f253}*SharedItemsImports = 5
		..\..\..\..\Xamarin-Plugins\SimpleAudioPlayer\Plugin.SharedSimpleAudioPlayer\Plugin.SharedSimpleAudioPlayer.projitems*{e34b516d-c0d8-450f-9db0-bb6a5b04aef1}*SharedItemsImports = 4
		..\..\..\..\Xamarin-Plugins\SimpleAudioPlayer\Plugin.SharedSimpleAudioPlayer\Plugin.SharedSimpleAudioPlayer.projitems*{e7db95c7-edf8-4f9b-b5bd-4d13efeb98fc}*SharedItemsImports = 5
	EndGlobalSection
EndGlobal
